<?xml version="1.0" encoding="utf-8"?>
<Project ToolsVersion="4.0" xmlns="http://schemas.microsoft.com/developer/msbuild/2003">
  <ItemGroup>
    <Filter Include="Header Files">
      <UniqueIdentifier>{d7ab3b64-e4e0-4a1b-b599-4c18bf2a4120}</UniqueIdentifier>
    </Filter>
    <Filter Include="Source Files">
      <UniqueIdentifier>{8db969b7-922d-4239-a700-07c2cd62bb25}</UniqueIdentifier>
    </Filter>
  </ItemGroup>
  <ItemGroup>
    <ClInclude Include="framework.h">
      <Filter>Header Files</Filter>
    </ClInclude>
    <ClInclude Include="simple_form.h">
      <Filter>Header Files</Filter>
    </ClInclude>
    <ClInclude Include="simple_form_application.h">
      <Filter>Header Files</Filter>
    </ClInclude>
    <ClInclude Include="simple_form_document.h">
      <Filter>Header Files</Filter>
    </ClInclude>
    <ClInclude Include="simple_form_edit_impact.h">
      <Filter>Header Files</Filter>
    </ClInclude>
    <ClInclude Include="simple_form_frame.h">
      <Filter>Header Files</Filter>
    </ClInclude>
    <ClInclude Include="simple_form_full_impact.h">
      <Filter>Header Files</Filter>
    </ClInclude>
    <ClInclude Include="simple_form_lite_impact.h">
      <Filter>Header Files</Filter>
    </ClInclude>
    <ClInclude Include="simple_form_main_impact.h">
      <Filter>Header Files</Filter>
    </ClInclude>
    <ClInclude Include="simple_form_pane_impact.h">
      <Filter>Header Files</Filter>
    </ClInclude>
    <ClInclude Include="aaa_want_to_remove_simple_form_impact_update_hint.h">
      <Filter>Header Files</Filter>
    </ClInclude>
    <ClInclude Include="simple_form_switcher_impact.h">
      <Filter>Header Files</Filter>
    </ClInclude>
    <ClInclude Include="simple_form_toggle_impact.h">
      <Filter>Header Files</Filter>
    </ClInclude>
    <ClInclude Include="simple_form_top_impact.h">
      <Filter>Header Files</Filter>
    </ClInclude>
    <ClInclude Include="simple_form_impact.h">
      <Filter>Header Files</Filter>
    </ClInclude>
  </ItemGroup>
  <ItemGroup>
    <ClCompile Include="framework.cpp">
      <Filter>Source Files</Filter>
    </ClCompile>
    <ClCompile Include="simple_form.cpp">
      <Filter>Source Files</Filter>
    </ClCompile>
    <ClCompile Include="simple_form_application.cpp">
      <Filter>Source Files</Filter>
    </ClCompile>
    <ClCompile Include="simple_form_document.cpp">
      <Filter>Source Files</Filter>
    </ClCompile>
    <ClCompile Include="simple_form_frame.cpp">
      <Filter>Source Files</Filter>
    </ClCompile>
    <ClCompile Include="simple_form_pane_impact.cpp">
      <Filter>Source Files</Filter>
    </ClCompile>
    <ClCompile Include="aaa_want_to_remove_simple_form_impact_update_hint.cpp">
      <Filter>Source Files</Filter>
    </ClCompile>
    <ClCompile Include="simple_form_impact.cpp">
      <Filter>Source Files</Filter>
    </ClCompile>
    <ClCompile Include="simple_form_edit_impact.cpp">
      <Filter>Source Files</Filter>
    </ClCompile>
    <ClCompile Include="simple_form_full_impact.cpp">
      <Filter>Source Files</Filter>
    </ClCompile>
    <ClCompile Include="simple_form_lite_impact.cpp">
      <Filter>Source Files</Filter>
    </ClCompile>
    <ClCompile Include="simple_form_main_impact.cpp">
      <Filter>Source Files</Filter>
    </ClCompile>
    <ClCompile Include="simple_form_switcher_impact.cpp">
      <Filter>Source Files</Filter>
    </ClCompile>
    <ClCompile Include="simple_form_toggle_impact.cpp">
      <Filter>Source Files</Filter>
    </ClCompile>
    <ClCompile Include="simple_form_top_impact.cpp">
      <Filter>Source Files</Filter>
    </ClCompile>
  </ItemGroup>
  <ItemGroup>
    <None Include="simple_form_simple_form.def">
      <Filter>Source Files</Filter>
    </None>
  </ItemGroup>
</Project>