<?xml version="1.0" encoding="utf-8"?>
<Project ToolsVersion="4.0" xmlns="http://schemas.microsoft.com/developer/msbuild/2003">
  <ItemGroup>
    <Filter Include="Source Files">
      <UniqueIdentifier>{987d39c7-7d65-4c24-a5a8-4528e55f8555}</UniqueIdentifier>
    </Filter>
    <Filter Include="Header Files">
      <UniqueIdentifier>{1d65ba67-a3ee-4f11-8733-601268c181a7}</UniqueIdentifier>
    </Filter>
  </ItemGroup>
  <ItemGroup>
    <ClCompile Include="application.cpp">
      <Filter>Source Files</Filter>
    </ClCompile>
    <ClCompile Include="document.cpp">
      <Filter>Source Files</Filter>
    </ClCompile>
    <ClCompile Include="frame.cpp">
      <Filter>Source Files</Filter>
    </ClCompile>
    <ClCompile Include="framework.cpp">
      <Filter>Source Files</Filter>
    </ClCompile>
    <ClCompile Include="main_frame.cpp">
      <Filter>Source Files</Filter>
    </ClCompile>
    <ClCompile Include="main_impact.cpp">
      <Filter>Source Files</Filter>
    </ClCompile>
    <ClCompile Include="impact.cpp">
      <Filter>Source Files</Filter>
    </ClCompile>
    <ClCompile Include="tab_impact.cpp">
      <Filter>Source Files</Filter>
    </ClCompile>
    <ClCompile Include="form_001.cpp">
      <Filter>Source Files</Filter>
    </ClCompile>
    <ClCompile Include="form_002.cpp">
      <Filter>Source Files</Filter>
    </ClCompile>
    <ClCompile Include="form.cpp">
      <Filter>Source Files</Filter>
    </ClCompile>
  </ItemGroup>
  <ItemGroup>
    <ClInclude Include="framework.h">
      <Filter>Header Files</Filter>
    </ClInclude>
    <ClInclude Include="_.h">
      <Filter>Header Files</Filter>
    </ClInclude>
    <ClInclude Include="application.h">
      <Filter>Header Files</Filter>
    </ClInclude>
    <ClInclude Include="document.h">
      <Filter>Header Files</Filter>
    </ClInclude>
    <ClInclude Include="frame.h">
      <Filter>Header Files</Filter>
    </ClInclude>
    <ClInclude Include="main_frame.h">
      <Filter>Header Files</Filter>
    </ClInclude>
    <ClInclude Include="main_impact.h">
      <Filter>Header Files</Filter>
    </ClInclude>
    <ClInclude Include="pane_impact.h">
      <Filter>Header Files</Filter>
    </ClInclude>
    <ClInclude Include="impact.h">
      <Filter>Header Files</Filter>
    </ClInclude>
    <ClInclude Include="form_001.h">
      <Filter>Header Files</Filter>
    </ClInclude>
    <ClInclude Include="form_002.h">
      <Filter>Header Files</Filter>
    </ClInclude>
    <ClInclude Include="form.h">
      <Filter>Header Files</Filter>
    </ClInclude>
  </ItemGroup>
</Project>