<?xml version="1.0" encoding="utf-8"?>
<Project ToolsVersion="4.0" xmlns="http://schemas.microsoft.com/developer/msbuild/2003">
  <ItemGroup>
    <Image Include="Assets\Square24.scale-100.png">
      <Filter>Assets</Filter>
    </Image>
    <Image Include="Assets\Square24.scale-200.png">
      <Filter>Assets</Filter>
    </Image>
    <Image Include="Assets\Square44.scale-100.png">
      <Filter>Assets</Filter>
    </Image>
    <Image Include="Assets\Square44.scale-200.png">
      <Filter>Assets</Filter>
    </Image>
    <Image Include="Assets\Square50.scale-100.png">
      <Filter>Assets</Filter>
    </Image>
    <Image Include="Assets\Square50.scale-200.png">
      <Filter>Assets</Filter>
    </Image>
    <Image Include="Assets\Square71.scale-100.png">
      <Filter>Assets</Filter>
    </Image>
    <Image Include="Assets\Square71.scale-200.png">
      <Filter>Assets</Filter>
    </Image>
    <Image Include="Assets\Square150.scale-100.png">
      <Filter>Assets</Filter>
    </Image>
    <Image Include="Assets\Square150.scale-200.png">
      <Filter>Assets</Filter>
    </Image>
    <Image Include="Assets\Square310.scale-100.png">
      <Filter>Assets</Filter>
    </Image>
    <Image Include="Assets\Square310.scale-200.png">
      <Filter>Assets</Filter>
    </Image>
    <Image Include="Assets\Wide310x150.scale-100.png">
      <Filter>Assets</Filter>
    </Image>
    <Image Include="Assets\Wide310x150.scale-200.png">
      <Filter>Assets</Filter>
    </Image>
    <Image Include="Assets\Wide620x300.scale-100.png">
      <Filter>Assets</Filter>
    </Image>
    <Image Include="Assets\Wide620x300.scale-200.png">
      <Filter>Assets</Filter>
    </Image>
  </ItemGroup>
  <ItemGroup>
    <None Include="..\uwp_app_simple_form_TemporaryKey.pfx">
      <Filter>UWP</Filter>
    </None>
    <None Include="..\_matter.zip">
      <Filter>Source Files</Filter>
    </None>
    <None Include="..\..\..\..\..\operating_system\storage-universal_windows\x64\debug\third\binary\bzip2.dll">
      <Filter>Library\x64\Debug</Filter>
    </None>
    <None Include="..\..\..\..\..\operating_system\storage-universal_windows\Win32\debug\binary\libcrypto-3.dll">
      <Filter>Library\Win32\basis</Filter>
    </None>
    <None Include="..\..\..\..\..\operating_system\storage-universal_windows\x64\debug\binary\libcrypto-3-x64.dll">
      <Filter>Library\x64\Debug</Filter>
    </None>
    <None Include="..\..\..\..\..\operating_system\storage-universal_windows\Win32\debug\binary\libssl-3.dll">
      <Filter>Library\Win32\basis</Filter>
    </None>
    <None Include="..\..\..\..\..\operating_system\storage-universal_windows\x64\debug\binary\libssl-3-x64.dll">
      <Filter>Library\x64\Debug</Filter>
    </None>
    <None Include="..\..\..\..\..\operating_system\storage-universal_windows\Win32\debug\third\binary\pcre.dll">
      <Filter>Library\Win32\basis</Filter>
    </None>
    <None Include="..\..\..\..\..\operating_system\storage-universal_windows\x64\debug\third\binary\pcre.dll">
      <Filter>Library\x64\Debug</Filter>
    </None>
    <None Include="..\..\..\..\..\operating_system\storage-universal_windows\Win32\debug\third\binary\sqlite.dll">
      <Filter>Library\Win32\basis</Filter>
    </None>
    <None Include="..\..\..\..\..\operating_system\storage-universal_windows\x64\debug\third\binary\sqlite.dll">
      <Filter>Library\x64\Debug</Filter>
    </None>
    <None Include="..\..\..\..\..\operating_system\storage-universal_windows\Win32\debug\third\binary\zlib.dll">
      <Filter>Library\Win32\basis</Filter>
    </None>
    <None Include="..\..\..\..\..\operating_system\storage-universal_windows\x64\debug\third\binary\zlib.dll">
      <Filter>Library\x64\Debug</Filter>
    </None>
    <None Include="..\..\..\..\..\operating_system\storage-universal_windows\x64\Debug\third\binary\iconv.dll">
      <Filter>Library\x64\Debug</Filter>
    </None>
    <None Include="..\..\..\..\..\operating_system\storage-universal_windows\x64\Debug\third\binary\unac.dll">
      <Filter>Library\x64\Debug</Filter>
    </None>
  </ItemGroup>
  <ItemGroup>
    <Filter Include="Assets">
      <UniqueIdentifier>{02640e57-a02b-4419-a3dd-a2714bdd6400}</UniqueIdentifier>
    </Filter>
    <Filter Include="Source Files">
      <UniqueIdentifier>{081d2e9a-674b-4cac-81ca-01932cf791f9}</UniqueIdentifier>
    </Filter>
    <Filter Include="Library">
      <UniqueIdentifier>{32b95171-2c23-4e37-b5e2-ba375e313826}</UniqueIdentifier>
    </Filter>
    <Filter Include="Library\Win32">
      <UniqueIdentifier>{4f71edd0-1b59-4726-b01e-d48fdc01c219}</UniqueIdentifier>
    </Filter>
    <Filter Include="Library\Win32\basis">
      <UniqueIdentifier>{70fbf6b3-ff9c-4253-94ea-da9f7b8a4e1f}</UniqueIdentifier>
    </Filter>
    <Filter Include="UWP">
      <UniqueIdentifier>{19996d9b-ff1a-4dea-899f-ac30beeb022f}</UniqueIdentifier>
    </Filter>
    <Filter Include="Library\x64">
      <UniqueIdentifier>{3e95a251-4f53-427a-a9e5-78749d03eb72}</UniqueIdentifier>
    </Filter>
    <Filter Include="Library\x64\Debug">
      <UniqueIdentifier>{01d52557-c870-4699-a2b5-238cf8a2cd61}</UniqueIdentifier>
    </Filter>
  </ItemGroup>
  <ItemGroup>
    <AppxManifest Include="Package10.appxmanifest">
      <Filter>UWP</Filter>
    </AppxManifest>
  </ItemGroup>
  <ItemGroup>
    <ClCompile Include="framework.cpp">
      <Filter>Source Files</Filter>
    </ClCompile>
    <ClCompile Include="application_main.cpp" />
  </ItemGroup>
</Project>