// !$*UTF8*$!
{
	archiveVersion = 1;
	classes = {
	};
	objectVersion = 54;
	objects = {

/* Begin PBXBuildFile section */
		9A0E4F042BF50014007C7253 /* SystemConfiguration.framework in Frameworks */ = {isa = PBXBuildFile; fileRef = 9A0E4F032BF50014007C7253 /* SystemConfiguration.framework */; };
		9A28CC022CF434D600C6D8B1 /* libacme_windowing_uikit.a in Frameworks */ = {isa = PBXBuildFile; fileRef = 9A28CC012CF434D600C6D8B1 /* libacme_windowing_uikit.a */; };
		9A28CC112CF4354900C6D8B1 /* _static_factory_.inl in Resources */ = {isa = PBXBuildFile; fileRef = 9A28CC102CF4354900C6D8B1 /* _static_factory_.inl */; };
		9A28CC132CF435FE00C6D8B1 /* liboperating_ambient_ios.a in Frameworks */ = {isa = PBXBuildFile; fileRef = 9A28CC122CF435FE00C6D8B1 /* liboperating_ambient_ios.a */; };
		9A41735F2000CA4C0056265A /* libcrypto.a in Frameworks */ = {isa = PBXBuildFile; fileRef = 9A41735D2000CA4B0056265A /* libcrypto.a */; };
		9A4173602000CA4C0056265A /* libssl.a in Frameworks */ = {isa = PBXBuildFile; fileRef = 9A41735E2000CA4C0056265A /* libssl.a */; };
		9A4972262001905400B9C9B2 /* ImageIO.framework in Frameworks */ = {isa = PBXBuildFile; fileRef = 9A4972092001905400B9C9B2 /* ImageIO.framework */; };
		9A4BE107200018A200DED594 /* Foundation.framework in Frameworks */ = {isa = PBXBuildFile; fileRef = 9A5752BB16AAE1D2000CC4EF /* Foundation.framework */; };
		9A50CC882B6CA98400FDB101 /* libios_apex_darwin.a in Frameworks */ = {isa = PBXBuildFile; fileRef = 9A50CC872B6CA98400FDB101 /* libios_apex_darwin.a */; };
		9A50CC8A2B6CA98A00FDB101 /* libios_acme_darwin.a in Frameworks */ = {isa = PBXBuildFile; fileRef = 9A50CC892B6CA98A00FDB101 /* libios_acme_darwin.a */; };
		9A50CC8E2B6CA9A500FDB101 /* libios_darwin.a in Frameworks */ = {isa = PBXBuildFile; fileRef = 9A50CC8D2B6CA9A500FDB101 /* libios_darwin.a */; };
		9A50CC902B6CA9B300FDB101 /* libios_aura_darwin.a in Frameworks */ = {isa = PBXBuildFile; fileRef = 9A50CC8F2B6CA9B300FDB101 /* libios_aura_darwin.a */; };
		9A50CC942B6CA9CA00FDB101 /* libios_unac.a in Frameworks */ = {isa = PBXBuildFile; fileRef = 9A50CC932B6CA9CA00FDB101 /* libios_unac.a */; };
		9A50CC962B6CA9D200FDB101 /* UniformTypeIdentifiers.framework in Frameworks */ = {isa = PBXBuildFile; fileRef = 9A50CC952B6CA9D200FDB101 /* UniformTypeIdentifiers.framework */; };
		9A50CDF82B6CB88700FDB101 /* libios_archive.a in Frameworks */ = {isa = PBXBuildFile; fileRef = 9A50CDF72B6CB88700FDB101 /* libios_archive.a */; };
		9AA203B82847FE5400A747A1 /* libios_ca2_lowluds_ai_form.a in Frameworks */ = {isa = PBXBuildFile; fileRef = 9A93B7522846ED0F005ACD11 /* libios_ca2_lowluds_ai_form.a */; };
		9AA203C32848068900A747A1 /* CoreServices.framework in Frameworks */ = {isa = PBXBuildFile; fileRef = 9AA203C22848068800A747A1 /* CoreServices.framework */; };
		9AA2F26C2847DC4E00A747A1 /* libios_acme.a in Frameworks */ = {isa = PBXBuildFile; fileRef = 9AA2F2642847DC4E00A747A1 /* libios_acme.a */; };
		9AA2F26E2847DC4F00A747A1 /* libios_acme_apple.a in Frameworks */ = {isa = PBXBuildFile; fileRef = 9AA2F2652847DC4E00A747A1 /* libios_acme_apple.a */; };
		9AA2F2702847DC4F00A747A1 /* libacme_ios.a in Frameworks */ = {isa = PBXBuildFile; fileRef = 9AA2F2662847DC4E00A747A1 /* libacme_ios.a */; };
		9AA2F2722847DC5000A747A1 /* libios_acme_posix.a in Frameworks */ = {isa = PBXBuildFile; fileRef = 9AA2F2672847DC4E00A747A1 /* libios_acme_posix.a */; };
		9AA2F2742847DC5000A747A1 /* libios_apex.a in Frameworks */ = {isa = PBXBuildFile; fileRef = 9AA2F2682847DC4E00A747A1 /* libios_apex.a */; };
		9AA2F2762847DC5000A747A1 /* libios_apex_apple.a in Frameworks */ = {isa = PBXBuildFile; fileRef = 9AA2F2692847DC4E00A747A1 /* libios_apex_apple.a */; };
		9AA2F2782847DC5100A747A1 /* libapex_ios.a in Frameworks */ = {isa = PBXBuildFile; fileRef = 9AA2F26A2847DC4E00A747A1 /* libapex_ios.a */; };
		9AA2F27A2847DC5100A747A1 /* libios_apex_posix.a in Frameworks */ = {isa = PBXBuildFile; fileRef = 9AA2F26B2847DC4E00A747A1 /* libios_apex_posix.a */; };
		9AA2F2872847DCBC00A747A1 /* libios_aqua.a in Frameworks */ = {isa = PBXBuildFile; fileRef = 9AA2F27C2847DCBC00A747A1 /* libios_aqua.a */; };
		9AA2F2892847DCBD00A747A1 /* libios_aura.a in Frameworks */ = {isa = PBXBuildFile; fileRef = 9AA2F27D2847DCBC00A747A1 /* libios_aura.a */; };
		9AA2F28A2847DCBD00A747A1 /* libios_aura_apple.a in Frameworks */ = {isa = PBXBuildFile; fileRef = 9AA2F27E2847DCBC00A747A1 /* libios_aura_apple.a */; };
		9AA2F28C2847DCBD00A747A1 /* libaura_ios.a in Frameworks */ = {isa = PBXBuildFile; fileRef = 9AA2F27F2847DCBC00A747A1 /* libaura_ios.a */; };
		9AA2F28F2847DCBE00A747A1 /* libios_aura_posix.a in Frameworks */ = {isa = PBXBuildFile; fileRef = 9AA2F2812847DCBC00A747A1 /* libios_aura_posix.a */; };
		9AA2F2902847DCBF00A747A1 /* libios_axis.a in Frameworks */ = {isa = PBXBuildFile; fileRef = 9AA2F2822847DCBC00A747A1 /* libios_axis.a */; };
		9AA2F2922847DCBF00A747A1 /* libios_base.a in Frameworks */ = {isa = PBXBuildFile; fileRef = 9AA2F2832847DCBC00A747A1 /* libios_base.a */; };
		9AA2F2942847DCC000A747A1 /* libios_crypto_openssl.a in Frameworks */ = {isa = PBXBuildFile; fileRef = 9A93B75D2846ED10005ACD11 /* libios_crypto_openssl.a */; };
		9AA2F2962847DCC100A747A1 /* libios_database_sqlite3.a in Frameworks */ = {isa = PBXBuildFile; fileRef = 9A93B7662846ED10005ACD11 /* libios_database_sqlite3.a */; };
		9AA2F2982847DCC100A747A1 /* libios_draw2d_quartz2d.a in Frameworks */ = {isa = PBXBuildFile; fileRef = 9A93B73F2846ED0F005ACD11 /* libios_draw2d_quartz2d.a */; };
		9AA2F29A2847DCC200A747A1 /* libios_experience_tranquillum.a in Frameworks */ = {isa = PBXBuildFile; fileRef = 9A93B77F2846ED14005ACD11 /* libios_experience_tranquillum.a */; };
		9AA2F29B2847DCC200A747A1 /* libios_folder_zip.a in Frameworks */ = {isa = PBXBuildFile; fileRef = 9A93B7482846ED0F005ACD11 /* libios_folder_zip.a */; };
		9AA2F29D2847DCC300A747A1 /* libios_idn.a in Frameworks */ = {isa = PBXBuildFile; fileRef = 9AA2F2842847DCBC00A747A1 /* libios_idn.a */; };
		9AA2F29F2847DCC400A747A1 /* libios_imaging_coreimage.a in Frameworks */ = {isa = PBXBuildFile; fileRef = 9A93B7342846ED0F005ACD11 /* libios_imaging_coreimage.a */; };
		9AA2F2A42847DCC600A747A1 /* libwindowing_ios.a in Frameworks */ = {isa = PBXBuildFile; fileRef = 9AA2F2862847DCBC00A747A1 /* libwindowing_ios.a */; };
		9AA2F2A62847DCC700A747A1 /* libios_write_text_quartz2d.a in Frameworks */ = {isa = PBXBuildFile; fileRef = 9A93B7752846ED13005ACD11 /* libios_write_text_quartz2d.a */; };
		9AB54BC72D2B651900AFBCB1 /* libnode_ios.a in Frameworks */ = {isa = PBXBuildFile; fileRef = 9AB54BC62D2B651900AFBCB1 /* libnode_ios.a */; };
		9AC3F31B2CF904410061DCC0 /* libios_acme_windowing_kit.a in Frameworks */ = {isa = PBXBuildFile; fileRef = 9AC3F31A2CF904410061DCC0 /* libios_acme_windowing_kit.a */; };
		9AC3F32B2CF9044B0061DCC0 /* libinnate_ui_uikit.a in Frameworks */ = {isa = PBXBuildFile; fileRef = 9AC3F32A2CF9044B0061DCC0 /* libinnate_ui_uikit.a */; };
		9AC3F32E2CF904560061DCC0 /* libios_nano_graphics_quartz2d.a in Frameworks */ = {isa = PBXBuildFile; fileRef = 9AC3F32D2CF904560061DCC0 /* libios_nano_graphics_quartz2d.a */; };
		9AE86D1C2858924600F88364 /* Launch Screen.storyboard in Resources */ = {isa = PBXBuildFile; fileRef = 9AE86C14285891B400F88364 /* Launch Screen.storyboard */; };
		9AE86D1D2858924800F88364 /* Images.xcassets in Resources */ = {isa = PBXBuildFile; fileRef = 9AE86C13285891B400F88364 /* Images.xcassets */; };
		9AE86D1E2858924A00F88364 /* _matter.zip in Resources */ = {isa = PBXBuildFile; fileRef = 9AE86C0A285891B400F88364 /* _matter.zip */; };
		9AE86D4C2858A15700F88364 /* main.cpp in Sources */ = {isa = PBXBuildFile; fileRef = 9AE86C17285891B400F88364 /* main.cpp */; };
		9AF7614E1F8437C000FDE7CC /* CoreFoundation.framework in Frameworks */ = {isa = PBXBuildFile; fileRef = 07B5903518866047002C6FEC /* CoreFoundation.framework */; };
		9AF761541F84383D00FDE7CC /* libbz2.tbd in Frameworks */ = {isa = PBXBuildFile; fileRef = 9A8181C41F21C33E00FDAF74 /* libbz2.tbd */; };
		9AF761551F84384500FDE7CC /* libz.tbd in Frameworks */ = {isa = PBXBuildFile; fileRef = 9A8181C21F21C33500FDAF74 /* libz.tbd */; };
		9AF761561F84385800FDE7CC /* UIKit.framework in Frameworks */ = {isa = PBXBuildFile; fileRef = 077A02081B4D5758001C85FF /* UIKit.framework */; };
		9AF7615B1F84387700FDE7CC /* libiconv.tbd in Frameworks */ = {isa = PBXBuildFile; fileRef = 9AEB6A0B1F81DD0400F40B32 /* libiconv.tbd */; };
		9AF7615C1F84387F00FDE7CC /* CoreGraphics.framework in Frameworks */ = {isa = PBXBuildFile; fileRef = 9AE24EC31904E95E001AEFFB /* CoreGraphics.framework */; };
		9AF7615D1F84388800FDE7CC /* CoreText.framework in Frameworks */ = {isa = PBXBuildFile; fileRef = 9A8181BE1F21C2F000FDAF74 /* CoreText.framework */; };
		9AF7615E1F84389000FDE7CC /* libsqlite3.tbd in Frameworks */ = {isa = PBXBuildFile; fileRef = 9A8181C61F21C35100FDAF74 /* libsqlite3.tbd */; };
/* End PBXBuildFile section */

/* Begin PBXContainerItemProxy section */
		078C35491921758600354453 /* PBXContainerItemProxy */ = {
			isa = PBXContainerItemProxy;
			containerPortal = 9A5752A916AAE1D2000CC4EF /* Project object */;
			proxyType = 1;
			remoteGlobalIDString = 078C352E1921758500354453;
			remoteInfo = wiossimple_form_simple_form;
		};
		9A50C7BD2B6C941D00FDB101 /* PBXContainerItemProxy */ = {
			isa = PBXContainerItemProxy;
			containerPortal = 9A93B7552846ED10005ACD11 /* crypto_openssl.xcodeproj */;
			proxyType = 2;
			remoteGlobalIDString = 9AC97ECF2A71B2A700B1BCF3;
			remoteInfo = static_crypto_openssl;
		};
		9A50C7C52B6C941D00FDB101 /* PBXContainerItemProxy */ = {
			isa = PBXContainerItemProxy;
			containerPortal = 9A93B7402846ED0F005ACD11 /* folder_zip.xcodeproj */;
			proxyType = 2;
			remoteGlobalIDString = 9A1BD6E12A0079D400152CD1;
			remoteInfo = static_folder_zip;
		};
		9A93B7312846ED0F005ACD11 /* PBXContainerItemProxy */ = {
			isa = PBXContainerItemProxy;
			containerPortal = 9A93B72B2846ED0E005ACD11 /* imaging_coreimage.xcodeproj */;
			proxyType = 2;
			remoteGlobalIDString = 9A574B9816AAB906000CC4EF;
			remoteInfo = imaging_coreimage;
		};
		9A93B7332846ED0F005ACD11 /* PBXContainerItemProxy */ = {
			isa = PBXContainerItemProxy;
			containerPortal = 9A93B72B2846ED0E005ACD11 /* imaging_coreimage.xcodeproj */;
			proxyType = 2;
			remoteGlobalIDString = 07B65764190F3CA2002DAADE;
			remoteInfo = ios_imaging_coreimage;
		};
		9A93B7352846ED0F005ACD11 /* PBXContainerItemProxy */ = {
			isa = PBXContainerItemProxy;
			containerPortal = 9A93B72B2846ED0E005ACD11 /* imaging_coreimage.xcodeproj */;
			proxyType = 2;
			remoteGlobalIDString = 07B65773190F3CA2002DAADE;
			remoteInfo = math_iosTests;
		};
		9A93B73C2846ED0F005ACD11 /* PBXContainerItemProxy */ = {
			isa = PBXContainerItemProxy;
			containerPortal = 9A93B7372846ED0F005ACD11 /* draw2d_quartz2d.xcodeproj */;
			proxyType = 2;
			remoteGlobalIDString = A1CFD778154F5EAA007447E2;
			remoteInfo = draw2d_quartz2d;
		};
		9A93B73E2846ED0F005ACD11 /* PBXContainerItemProxy */ = {
			isa = PBXContainerItemProxy;
			containerPortal = 9A93B7372846ED0F005ACD11 /* draw2d_quartz2d.xcodeproj */;
			proxyType = 2;
			remoteGlobalIDString = 07E25F501B4FFC2100752DE1;
			remoteInfo = ios_draw2d_quartz2d;
		};
		9A93B7452846ED0F005ACD11 /* PBXContainerItemProxy */ = {
			isa = PBXContainerItemProxy;
			containerPortal = 9A93B7402846ED0F005ACD11 /* folder_zip.xcodeproj */;
			proxyType = 2;
			remoteGlobalIDString = 9AC09A2D274DFC67008B042E;
			remoteInfo = folder_zip;
		};
		9A93B7472846ED0F005ACD11 /* PBXContainerItemProxy */ = {
			isa = PBXContainerItemProxy;
			containerPortal = 9A93B7402846ED0F005ACD11 /* folder_zip.xcodeproj */;
			proxyType = 2;
			remoteGlobalIDString = 9AA14DDC282A17D900B1621E;
			remoteInfo = ios_folder_zip;
		};
		9A93B74F2846ED0F005ACD11 /* PBXContainerItemProxy */ = {
			isa = PBXContainerItemProxy;
			containerPortal = 9A93B7492846ED0F005ACD11 /* ca2_lowluds_ai_form.xcodeproj */;
			proxyType = 2;
			remoteGlobalIDString = 9AEB75A316F78DF10085103B;
			remoteInfo = ca2_lowluds_ai_form;
		};
		9A93B7512846ED0F005ACD11 /* PBXContainerItemProxy */ = {
			isa = PBXContainerItemProxy;
			containerPortal = 9A93B7492846ED0F005ACD11 /* ca2_lowluds_ai_form.xcodeproj */;
			proxyType = 2;
			remoteGlobalIDString = 9AE24E8A1904CFFD001AEFFB;
			remoteInfo = ios_ca2_lowluds_ai_form;
		};
		9A93B7532846ED0F005ACD11 /* PBXContainerItemProxy */ = {
			isa = PBXContainerItemProxy;
			containerPortal = 9A93B7492846ED0F005ACD11 /* ca2_lowluds_ai_form.xcodeproj */;
			proxyType = 2;
			remoteGlobalIDString = 9AE24E991904CFFD001AEFFB;
			remoteInfo = app_core_hellomultiverse_iosTests;
		};
		9A93B75A2846ED10005ACD11 /* PBXContainerItemProxy */ = {
			isa = PBXContainerItemProxy;
			containerPortal = 9A93B7552846ED10005ACD11 /* crypto_openssl.xcodeproj */;
			proxyType = 2;
			remoteGlobalIDString = 9AC019342748A002006BEBCC;
			remoteInfo = crypto_openssl;
		};
		9A93B75C2846ED10005ACD11 /* PBXContainerItemProxy */ = {
			isa = PBXContainerItemProxy;
			containerPortal = 9A93B7552846ED10005ACD11 /* crypto_openssl.xcodeproj */;
			proxyType = 2;
			remoteGlobalIDString = 9AA14DBB282A17C600B1621E;
			remoteInfo = ios_crypto_openssl;
		};
		9A93B7632846ED10005ACD11 /* PBXContainerItemProxy */ = {
			isa = PBXContainerItemProxy;
			containerPortal = 9A93B75E2846ED10005ACD11 /* database_sqlite3.xcodeproj */;
			proxyType = 2;
			remoteGlobalIDString = 9AE12E782661E97E009F476A;
			remoteInfo = database_sqlite3;
		};
		9A93B7652846ED10005ACD11 /* PBXContainerItemProxy */ = {
			isa = PBXContainerItemProxy;
			containerPortal = 9A93B75E2846ED10005ACD11 /* database_sqlite3.xcodeproj */;
			proxyType = 2;
			remoteGlobalIDString = 9A93B4C32846E5EF005ACD11;
			remoteInfo = ios_database_sqlite3;
		};
		9A93B7722846ED13005ACD11 /* PBXContainerItemProxy */ = {
			isa = PBXContainerItemProxy;
			containerPortal = 9A93B76D2846ED11005ACD11 /* write_text_quartz2d.xcodeproj */;
			proxyType = 2;
			remoteGlobalIDString = 9A64C1712660C62C0074030F;
			remoteInfo = write_text_quartz2d;
		};
		9A93B7742846ED13005ACD11 /* PBXContainerItemProxy */ = {
			isa = PBXContainerItemProxy;
			containerPortal = 9A93B76D2846ED11005ACD11 /* write_text_quartz2d.xcodeproj */;
			proxyType = 2;
			remoteGlobalIDString = 9A882EE12844AA66004113D1;
			remoteInfo = ios_write_text_quartz2d;
		};
		9A93B77C2846ED14005ACD11 /* PBXContainerItemProxy */ = {
			isa = PBXContainerItemProxy;
			containerPortal = 9A93B7762846ED14005ACD11 /* experience_tranquillum.xcodeproj */;
			proxyType = 2;
			remoteGlobalIDString = 9AEB75F416F78EDC0085103B;
			remoteInfo = experience_tranquillum;
		};
		9A93B77E2846ED14005ACD11 /* PBXContainerItemProxy */ = {
			isa = PBXContainerItemProxy;
			containerPortal = 9A93B7762846ED14005ACD11 /* experience_tranquillum.xcodeproj */;
			proxyType = 2;
			remoteGlobalIDString = 9AE24E5A1904CFE2001AEFFB;
			remoteInfo = ios_experience_tranquillum;
		};
		9A93B7802846ED14005ACD11 /* PBXContainerItemProxy */ = {
			isa = PBXContainerItemProxy;
			containerPortal = 9A93B7762846ED14005ACD11 /* experience_tranquillum.xcodeproj */;
			proxyType = 2;
			remoteGlobalIDString = 9AE24E691904CFE2001AEFFB;
			remoteInfo = experience_lite_iosTests;
		};
		9AA2EF242847D88800A747A1 /* PBXContainerItemProxy */ = {
			isa = PBXContainerItemProxy;
			containerPortal = 9A93B75E2846ED10005ACD11 /* database_sqlite3.xcodeproj */;
			proxyType = 1;
			remoteGlobalIDString = 9A0DB3D62864314500D061F7;
			remoteInfo = ios_database_sqlite3;
		};
		9AA2EF262847D88800A747A1 /* PBXContainerItemProxy */ = {
			isa = PBXContainerItemProxy;
			containerPortal = 9A93B7552846ED10005ACD11 /* crypto_openssl.xcodeproj */;
			proxyType = 1;
			remoteGlobalIDString = 9AA14D9E282A17C600B1621E;
			remoteInfo = ios_crypto_openssl;
		};
		9AA2EF282847D88800A747A1 /* PBXContainerItemProxy */ = {
			isa = PBXContainerItemProxy;
			containerPortal = 9A93B7372846ED0F005ACD11 /* draw2d_quartz2d.xcodeproj */;
			proxyType = 1;
			remoteGlobalIDString = 07E25F291B4FFC2100752DE1;
			remoteInfo = ios_draw2d_quartz2d;
		};
		9AA2EF2A2847D88800A747A1 /* PBXContainerItemProxy */ = {
			isa = PBXContainerItemProxy;
			containerPortal = 9A93B7762846ED14005ACD11 /* experience_tranquillum.xcodeproj */;
			proxyType = 1;
			remoteGlobalIDString = 9AE24E591904CFE2001AEFFB;
			remoteInfo = ios_experience_tranquillum;
		};
		9AA2EF2C2847D88800A747A1 /* PBXContainerItemProxy */ = {
			isa = PBXContainerItemProxy;
			containerPortal = 9A93B7402846ED0F005ACD11 /* folder_zip.xcodeproj */;
			proxyType = 1;
			remoteGlobalIDString = 9AA14DBD282A17D900B1621E;
			remoteInfo = ios_folder_zip;
		};
		9AA2EF2E2847D88800A747A1 /* PBXContainerItemProxy */ = {
			isa = PBXContainerItemProxy;
			containerPortal = 9A93B72B2846ED0E005ACD11 /* imaging_coreimage.xcodeproj */;
			proxyType = 1;
			remoteGlobalIDString = 07B65763190F3CA2002DAADE;
			remoteInfo = ios_imaging_coreimage;
		};
		9AA2EF322847D88800A747A1 /* PBXContainerItemProxy */ = {
			isa = PBXContainerItemProxy;
			containerPortal = 9A93B76D2846ED11005ACD11 /* write_text_quartz2d.xcodeproj */;
			proxyType = 1;
			remoteGlobalIDString = 9A882EC82844AA66004113D1;
			remoteInfo = ios_write_text_quartz2d;
		};
		9ACD7FC12D1E766400AD9456 /* PBXContainerItemProxy */ = {
			isa = PBXContainerItemProxy;
			containerPortal = 9A88136E2D1E6D0500BBEEF3 /* operating_ambient_ios.xcodeproj */;
			proxyType = 1;
			remoteGlobalIDString = 9A3105972CE781E60067398D;
			remoteInfo = operating_ambient_ios;
		};
		9AE0E1612B705E2500D4F550 /* PBXContainerItemProxy */ = {
			isa = PBXContainerItemProxy;
			containerPortal = 9A93B7492846ED0F005ACD11 /* ca2_lowluds_ai_form.xcodeproj */;
			proxyType = 1;
			remoteGlobalIDString = 9AE24E891904CFFD001AEFFB;
			remoteInfo = ios_ca2_lowluds_ai_form;
		};
		9AFC3EA42D1E70B800F05066 /* PBXContainerItemProxy */ = {
			isa = PBXContainerItemProxy;
			containerPortal = 9A88136E2D1E6D0500BBEEF3 /* operating_ambient_ios.xcodeproj */;
			proxyType = 2;
			remoteGlobalIDString = 9A3105982CE781E60067398D;
			remoteInfo = operating_ambient_ios;
		};
/* End PBXContainerItemProxy section */

/* Begin PBXFileReference section */
		077A02081B4D5758001C85FF /* UIKit.framework */ = {isa = PBXFileReference; lastKnownFileType = wrapper.framework; name = UIKit.framework; path = System/Library/Frameworks/UIKit.framework; sourceTree = SDKROOT; };
		078C352F1921758500354453 /* _ios_ca2_lowluds_ai_form.app */ = {isa = PBXFileReference; explicitFileType = wrapper.application; includeInIndex = 0; path = _ios_ca2_lowluds_ai_form.app; sourceTree = BUILT_PRODUCTS_DIR; };
		078C35451921758600354453 /* ios_simple_form_simple_formTests.xctest */ = {isa = PBXFileReference; explicitFileType = wrapper.cfbundle; includeInIndex = 0; path = ios_simple_form_simple_formTests.xctest; sourceTree = BUILT_PRODUCTS_DIR; };
		07B5903518866047002C6FEC /* CoreFoundation.framework */ = {isa = PBXFileReference; lastKnownFileType = wrapper.framework; name = CoreFoundation.framework; path = System/Library/Frameworks/CoreFoundation.framework; sourceTree = SDKROOT; };
		9A0E4F032BF50014007C7253 /* SystemConfiguration.framework */ = {isa = PBXFileReference; lastKnownFileType = wrapper.framework; name = SystemConfiguration.framework; path = System/Library/Frameworks/SystemConfiguration.framework; sourceTree = SDKROOT; };
		9A28CC012CF434D600C6D8B1 /* libacme_windowing_uikit.a */ = {isa = PBXFileReference; explicitFileType = "compiled.mach-o.dylib"; path = libacme_windowing_uikit.a; sourceTree = BUILT_PRODUCTS_DIR; };
		9A28CC102CF4354900C6D8B1 /* _static_factory_.inl */ = {isa = PBXFileReference; lastKnownFileType = text; path = _static_factory_.inl; sourceTree = "<group>"; };
		9A28CC122CF435FE00C6D8B1 /* liboperating_ambient_ios.a */ = {isa = PBXFileReference; explicitFileType = "compiled.mach-o.dylib"; path = liboperating_ambient_ios.a; sourceTree = BUILT_PRODUCTS_DIR; };
		9A41735D2000CA4B0056265A /* libcrypto.a */ = {isa = PBXFileReference; lastKnownFileType = archive.ar; name = libcrypto.a; path = "../../../platform/iPhoneSimulator10.1-x86_64.sdk/lib/libcrypto.a"; sourceTree = "<group>"; };
		9A41735E2000CA4C0056265A /* libssl.a */ = {isa = PBXFileReference; lastKnownFileType = archive.ar; name = libssl.a; path = "../../../platform/iPhoneSimulator10.1-x86_64.sdk/lib/libssl.a"; sourceTree = "<group>"; };
		9A4972092001905400B9C9B2 /* ImageIO.framework */ = {isa = PBXFileReference; lastKnownFileType = wrapper.framework; name = ImageIO.framework; path = System/Library/Frameworks/ImageIO.framework; sourceTree = SDKROOT; };
		9A4972272001907B00B9C9B2 /* MobileCoreServices.framework */ = {isa = PBXFileReference; lastKnownFileType = wrapper.framework; name = MobileCoreServices.framework; path = System/Library/Frameworks/MobileCoreServices.framework; sourceTree = SDKROOT; };
		9A50CC812B6CA93900FDB101 /* _____debug.xcconfig */ = {isa = PBXFileReference; fileEncoding = 4; lastKnownFileType = text.xcconfig; name = "_____debug.xcconfig"; path = "../_____debug.xcconfig"; sourceTree = "<group>"; };
		9A50CC822B6CA93900FDB101 /* _____release.xcconfig */ = {isa = PBXFileReference; fileEncoding = 4; lastKnownFileType = text.xcconfig; name = "_____release.xcconfig"; path = "../_____release.xcconfig"; sourceTree = "<group>"; };
		9A50CC852B6CA98400FDB101 /* libios_acme_darwin.a */ = {isa = PBXFileReference; explicitFileType = "compiled.mach-o.dylib"; path = libios_acme_darwin.a; sourceTree = BUILT_PRODUCTS_DIR; };
		9A50CC872B6CA98400FDB101 /* libios_apex_darwin.a */ = {isa = PBXFileReference; explicitFileType = "compiled.mach-o.dylib"; path = libios_apex_darwin.a; sourceTree = BUILT_PRODUCTS_DIR; };
		9A50CC892B6CA98A00FDB101 /* libios_acme_darwin.a */ = {isa = PBXFileReference; explicitFileType = "compiled.mach-o.dylib"; path = libios_acme_darwin.a; sourceTree = BUILT_PRODUCTS_DIR; };
		9A50CC8B2B6CA9A500FDB101 /* libaura_darwin.dylib */ = {isa = PBXFileReference; explicitFileType = "compiled.mach-o.dylib"; path = libaura_darwin.dylib; sourceTree = BUILT_PRODUCTS_DIR; };
		9A50CC8D2B6CA9A500FDB101 /* libios_darwin.a */ = {isa = PBXFileReference; explicitFileType = "compiled.mach-o.dylib"; path = libios_darwin.a; sourceTree = BUILT_PRODUCTS_DIR; };
		9A50CC8F2B6CA9B300FDB101 /* libios_aura_darwin.a */ = {isa = PBXFileReference; explicitFileType = "compiled.mach-o.dylib"; path = libios_aura_darwin.a; sourceTree = BUILT_PRODUCTS_DIR; };
		9A50CC912B6CA9BC00FDB101 /* libunac.dylib */ = {isa = PBXFileReference; explicitFileType = "compiled.mach-o.dylib"; path = libunac.dylib; sourceTree = BUILT_PRODUCTS_DIR; };
		9A50CC932B6CA9CA00FDB101 /* libios_unac.a */ = {isa = PBXFileReference; explicitFileType = "compiled.mach-o.dylib"; path = libios_unac.a; sourceTree = BUILT_PRODUCTS_DIR; };
		9A50CC952B6CA9D200FDB101 /* UniformTypeIdentifiers.framework */ = {isa = PBXFileReference; lastKnownFileType = wrapper.framework; name = UniformTypeIdentifiers.framework; path = System/Library/Frameworks/UniformTypeIdentifiers.framework; sourceTree = SDKROOT; };
		9A50CDF72B6CB88700FDB101 /* libios_archive.a */ = {isa = PBXFileReference; explicitFileType = "compiled.mach-o.dylib"; path = libios_archive.a; sourceTree = BUILT_PRODUCTS_DIR; };
		9A5752B916AAE1D2000CC4EF /* AppKit.framework */ = {isa = PBXFileReference; lastKnownFileType = wrapper.framework; name = AppKit.framework; path = System/Library/Frameworks/AppKit.framework; sourceTree = SDKROOT; };
		9A5752BA16AAE1D2000CC4EF /* CoreData.framework */ = {isa = PBXFileReference; lastKnownFileType = wrapper.framework; name = CoreData.framework; path = System/Library/Frameworks/CoreData.framework; sourceTree = SDKROOT; };
		9A5752BB16AAE1D2000CC4EF /* Foundation.framework */ = {isa = PBXFileReference; lastKnownFileType = wrapper.framework; name = Foundation.framework; path = System/Library/Frameworks/Foundation.framework; sourceTree = SDKROOT; };
		9A81813E1F21B96700FDAF74 /* libios_gcom.dylib */ = {isa = PBXFileReference; lastKnownFileType = "compiled.mach-o.dylib"; name = libios_gcom.dylib; path = "../../../../Volumes/apple/archive/Xcode/DerivedData/Build/Products/Debug-iphonesimulator/libios_gcom.dylib"; sourceTree = "<group>"; };
		9A8181BE1F21C2F000FDAF74 /* CoreText.framework */ = {isa = PBXFileReference; lastKnownFileType = wrapper.framework; name = CoreText.framework; path = System/Library/Frameworks/CoreText.framework; sourceTree = SDKROOT; };
		9A8181C21F21C33500FDAF74 /* libz.tbd */ = {isa = PBXFileReference; lastKnownFileType = "sourcecode.text-based-dylib-definition"; name = libz.tbd; path = usr/lib/libz.tbd; sourceTree = SDKROOT; };
		9A8181C41F21C33E00FDAF74 /* libbz2.tbd */ = {isa = PBXFileReference; lastKnownFileType = "sourcecode.text-based-dylib-definition"; name = libbz2.tbd; path = usr/lib/libbz2.tbd; sourceTree = SDKROOT; };
		9A8181C61F21C35100FDAF74 /* libsqlite3.tbd */ = {isa = PBXFileReference; lastKnownFileType = "sourcecode.text-based-dylib-definition"; name = libsqlite3.tbd; path = usr/lib/libsqlite3.tbd; sourceTree = SDKROOT; };
		9A88136E2D1E6D0500BBEEF3 /* operating_ambient_ios.xcodeproj */ = {isa = PBXFileReference; lastKnownFileType = "wrapper.pb-project"; name = operating_ambient_ios.xcodeproj; path = "../../../../operating_system/operating_system-ios/operating_ambient_ios/operating_ambient_ios.xcodeproj"; sourceTree = SOURCE_ROOT; };
		9A93B72B2846ED0E005ACD11 /* imaging_coreimage.xcodeproj */ = {isa = PBXFileReference; lastKnownFileType = "wrapper.pb-project"; name = imaging_coreimage.xcodeproj; path = "../../../../operating_system/operating_system-apple/imaging_coreimage/imaging_coreimage.xcodeproj"; sourceTree = SOURCE_ROOT; };
		9A93B7372846ED0F005ACD11 /* draw2d_quartz2d.xcodeproj */ = {isa = PBXFileReference; lastKnownFileType = "wrapper.pb-project"; name = draw2d_quartz2d.xcodeproj; path = "../../../../operating_system/operating_system-apple/draw2d_quartz2d/draw2d_quartz2d.xcodeproj"; sourceTree = SOURCE_ROOT; };
		9A93B7402846ED0F005ACD11 /* folder_zip.xcodeproj */ = {isa = PBXFileReference; lastKnownFileType = "wrapper.pb-project"; name = folder_zip.xcodeproj; path = ../../../app/folder_zip/folder_zip.xcodeproj; sourceTree = SOURCE_ROOT; };
		9A93B7492846ED0F005ACD11 /* ca2_lowluds_ai_form.xcodeproj */ = {isa = PBXFileReference; lastKnownFileType = "wrapper.pb-project"; name = ca2_lowluds_ai_form.xcodeproj; path = ../ca2_lowluds_ai_form.xcodeproj; sourceTree = SOURCE_ROOT; };
		9A93B7552846ED10005ACD11 /* crypto_openssl.xcodeproj */ = {isa = PBXFileReference; lastKnownFileType = "wrapper.pb-project"; name = crypto_openssl.xcodeproj; path = ../../../app/crypto_openssl/crypto_openssl.xcodeproj; sourceTree = SOURCE_ROOT; };
		9A93B75E2846ED10005ACD11 /* database_sqlite3.xcodeproj */ = {isa = PBXFileReference; lastKnownFileType = "wrapper.pb-project"; name = database_sqlite3.xcodeproj; path = ../../../app/database_sqlite3/database_sqlite3.xcodeproj; sourceTree = SOURCE_ROOT; };
		9A93B76D2846ED11005ACD11 /* write_text_quartz2d.xcodeproj */ = {isa = PBXFileReference; lastKnownFileType = "wrapper.pb-project"; name = write_text_quartz2d.xcodeproj; path = "../../../../operating_system/operating_system-apple/write_text_quartz2d/write_text_quartz2d.xcodeproj"; sourceTree = SOURCE_ROOT; };
		9A93B7762846ED14005ACD11 /* experience_tranquillum.xcodeproj */ = {isa = PBXFileReference; lastKnownFileType = "wrapper.pb-project"; name = experience_tranquillum.xcodeproj; path = ../../../app/experience_tranquillum/experience_tranquillum.xcodeproj; sourceTree = SOURCE_ROOT; };
		9AA203C22848068800A747A1 /* CoreServices.framework */ = {isa = PBXFileReference; lastKnownFileType = wrapper.framework; name = CoreServices.framework; path = System/Library/Frameworks/CoreServices.framework; sourceTree = SDKROOT; };
		9AA2F2642847DC4E00A747A1 /* libios_acme.a */ = {isa = PBXFileReference; explicitFileType = "compiled.mach-o.dylib"; path = libios_acme.a; sourceTree = BUILT_PRODUCTS_DIR; };
		9AA2F2652847DC4E00A747A1 /* libios_acme_apple.a */ = {isa = PBXFileReference; explicitFileType = "compiled.mach-o.dylib"; path = libios_acme_apple.a; sourceTree = BUILT_PRODUCTS_DIR; };
		9AA2F2662847DC4E00A747A1 /* libacme_ios.a */ = {isa = PBXFileReference; explicitFileType = "compiled.mach-o.dylib"; path = libacme_ios.a; sourceTree = BUILT_PRODUCTS_DIR; };
		9AA2F2672847DC4E00A747A1 /* libios_acme_posix.a */ = {isa = PBXFileReference; explicitFileType = "compiled.mach-o.dylib"; path = libios_acme_posix.a; sourceTree = BUILT_PRODUCTS_DIR; };
		9AA2F2682847DC4E00A747A1 /* libios_apex.a */ = {isa = PBXFileReference; explicitFileType = "compiled.mach-o.dylib"; path = libios_apex.a; sourceTree = BUILT_PRODUCTS_DIR; };
		9AA2F2692847DC4E00A747A1 /* libios_apex_apple.a */ = {isa = PBXFileReference; explicitFileType = "compiled.mach-o.dylib"; path = libios_apex_apple.a; sourceTree = BUILT_PRODUCTS_DIR; };
		9AA2F26A2847DC4E00A747A1 /* libapex_ios.a */ = {isa = PBXFileReference; explicitFileType = "compiled.mach-o.dylib"; path = libapex_ios.a; sourceTree = BUILT_PRODUCTS_DIR; };
		9AA2F26B2847DC4E00A747A1 /* libios_apex_posix.a */ = {isa = PBXFileReference; explicitFileType = "compiled.mach-o.dylib"; path = libios_apex_posix.a; sourceTree = BUILT_PRODUCTS_DIR; };
		9AA2F27C2847DCBC00A747A1 /* libios_aqua.a */ = {isa = PBXFileReference; explicitFileType = "compiled.mach-o.dylib"; path = libios_aqua.a; sourceTree = BUILT_PRODUCTS_DIR; };
		9AA2F27D2847DCBC00A747A1 /* libios_aura.a */ = {isa = PBXFileReference; explicitFileType = archive.ar; path = libios_aura.a; sourceTree = BUILT_PRODUCTS_DIR; };
		9AA2F27E2847DCBC00A747A1 /* libios_aura_apple.a */ = {isa = PBXFileReference; explicitFileType = "compiled.mach-o.dylib"; path = libios_aura_apple.a; sourceTree = BUILT_PRODUCTS_DIR; };
		9AA2F27F2847DCBC00A747A1 /* libaura_ios.a */ = {isa = PBXFileReference; explicitFileType = "compiled.mach-o.dylib"; path = libaura_ios.a; sourceTree = BUILT_PRODUCTS_DIR; };
		9AA2F2802847DCBC00A747A1 /* libios_aura_macos.a */ = {isa = PBXFileReference; explicitFileType = archive.ar; path = libios_aura_macos.a; sourceTree = BUILT_PRODUCTS_DIR; };
		9AA2F2812847DCBC00A747A1 /* libios_aura_posix.a */ = {isa = PBXFileReference; explicitFileType = archive.ar; path = libios_aura_posix.a; sourceTree = BUILT_PRODUCTS_DIR; };
		9AA2F2822847DCBC00A747A1 /* libios_axis.a */ = {isa = PBXFileReference; explicitFileType = "compiled.mach-o.dylib"; path = libios_axis.a; sourceTree = BUILT_PRODUCTS_DIR; };
		9AA2F2832847DCBC00A747A1 /* libios_base.a */ = {isa = PBXFileReference; explicitFileType = "compiled.mach-o.dylib"; path = libios_base.a; sourceTree = BUILT_PRODUCTS_DIR; };
		9AA2F2842847DCBC00A747A1 /* libios_idn.a */ = {isa = PBXFileReference; explicitFileType = "compiled.mach-o.dylib"; path = libios_idn.a; sourceTree = BUILT_PRODUCTS_DIR; };
		9AA2F2852847DCBC00A747A1 /* libnode_macos.dylib */ = {isa = PBXFileReference; explicitFileType = "compiled.mach-o.dylib"; path = libnode_macos.dylib; sourceTree = BUILT_PRODUCTS_DIR; };
		9AA2F2862847DCBC00A747A1 /* libwindowing_ios.a */ = {isa = PBXFileReference; explicitFileType = "compiled.mach-o.dylib"; path = libwindowing_ios.a; sourceTree = BUILT_PRODUCTS_DIR; };
		9AB54BC62D2B651900AFBCB1 /* libnode_ios.a */ = {isa = PBXFileReference; explicitFileType = "compiled.mach-o.dylib"; path = libnode_ios.a; sourceTree = BUILT_PRODUCTS_DIR; };
		9AC3F31A2CF904410061DCC0 /* libios_acme_windowing_kit.a */ = {isa = PBXFileReference; explicitFileType = "compiled.mach-o.dylib"; path = libios_acme_windowing_kit.a; sourceTree = BUILT_PRODUCTS_DIR; };
		9AC3F32A2CF9044B0061DCC0 /* libinnate_ui_uikit.a */ = {isa = PBXFileReference; explicitFileType = "compiled.mach-o.dylib"; path = libinnate_ui_uikit.a; sourceTree = BUILT_PRODUCTS_DIR; };
		9AC3F32D2CF904560061DCC0 /* libios_nano_graphics_quartz2d.a */ = {isa = PBXFileReference; explicitFileType = "compiled.mach-o.dylib"; path = libios_nano_graphics_quartz2d.a; sourceTree = BUILT_PRODUCTS_DIR; };
		9AE24EC31904E95E001AEFFB /* CoreGraphics.framework */ = {isa = PBXFileReference; lastKnownFileType = wrapper.framework; name = CoreGraphics.framework; path = System/Library/Frameworks/CoreGraphics.framework; sourceTree = SDKROOT; };
		9AE86C0A285891B400F88364 /* _matter.zip */ = {isa = PBXFileReference; lastKnownFileType = archive.zip; name = _matter.zip; path = ../_matter.zip; sourceTree = "<group>"; };
		9AE86C12285891B400F88364 /* en */ = {isa = PBXFileReference; lastKnownFileType = text.plist.strings; name = en; path = en.lproj/InfoPlist.strings; sourceTree = "<group>"; };
		9AE86C13285891B400F88364 /* Images.xcassets */ = {isa = PBXFileReference; lastKnownFileType = folder.assetcatalog; path = Images.xcassets; sourceTree = "<group>"; };
		9AE86C14285891B400F88364 /* Launch Screen.storyboard */ = {isa = PBXFileReference; lastKnownFileType = file.storyboard; path = "Launch Screen.storyboard"; sourceTree = "<group>"; };
		9AE86C15285891B400F88364 /* Info.plist */ = {isa = PBXFileReference; lastKnownFileType = text.plist.xml; path = Info.plist; sourceTree = "<group>"; };
		9AE86C17285891B400F88364 /* main.cpp */ = {isa = PBXFileReference; lastKnownFileType = sourcecode.cpp.cpp; path = main.cpp; sourceTree = "<group>"; };
		9AEB6A0B1F81DD0400F40B32 /* libiconv.tbd */ = {isa = PBXFileReference; lastKnownFileType = "sourcecode.text-based-dylib-definition"; name = libiconv.tbd; path = usr/lib/libiconv.tbd; sourceTree = SDKROOT; };
/* End PBXFileReference section */

/* Begin PBXFrameworksBuildPhase section */
		078C352C1921758500354453 /* Frameworks */ = {
			isa = PBXFrameworksBuildPhase;
			buildActionMask = 2147483647;
			files = (
				9A28CC022CF434D600C6D8B1 /* libacme_windowing_uikit.a in Frameworks */,
				9A0E4F042BF50014007C7253 /* SystemConfiguration.framework in Frameworks */,
				9A50CDF82B6CB88700FDB101 /* libios_archive.a in Frameworks */,
				9AC3F32B2CF9044B0061DCC0 /* libinnate_ui_uikit.a in Frameworks */,
				9A50CC962B6CA9D200FDB101 /* UniformTypeIdentifiers.framework in Frameworks */,
				9A50CC942B6CA9CA00FDB101 /* libios_unac.a in Frameworks */,
				9A50CC902B6CA9B300FDB101 /* libios_aura_darwin.a in Frameworks */,
				9A50CC8E2B6CA9A500FDB101 /* libios_darwin.a in Frameworks */,
				9A50CC8A2B6CA98A00FDB101 /* libios_acme_darwin.a in Frameworks */,
				9A50CC882B6CA98400FDB101 /* libios_apex_darwin.a in Frameworks */,
				9AA2F2762847DC5000A747A1 /* libios_apex_apple.a in Frameworks */,
				9AA2F2872847DCBC00A747A1 /* libios_aqua.a in Frameworks */,
				9AA2F26C2847DC4E00A747A1 /* libios_acme.a in Frameworks */,
				9A4972262001905400B9C9B2 /* ImageIO.framework in Frameworks */,
				9AA2F28C2847DCBD00A747A1 /* libaura_ios.a in Frameworks */,
				9A28CC132CF435FE00C6D8B1 /* liboperating_ambient_ios.a in Frameworks */,
				9AA2F2A62847DCC700A747A1 /* libios_write_text_quartz2d.a in Frameworks */,
				9AA2F2902847DCBF00A747A1 /* libios_axis.a in Frameworks */,
				9AA2F29D2847DCC300A747A1 /* libios_idn.a in Frameworks */,
				9AC3F32E2CF904560061DCC0 /* libios_nano_graphics_quartz2d.a in Frameworks */,
				9AA2F2982847DCC100A747A1 /* libios_draw2d_quartz2d.a in Frameworks */,
				9AA2F2742847DC5000A747A1 /* libios_apex.a in Frameworks */,
				9AA2F2702847DC4F00A747A1 /* libacme_ios.a in Frameworks */,
				9AA2F2A42847DCC600A747A1 /* libwindowing_ios.a in Frameworks */,
				9A41735F2000CA4C0056265A /* libcrypto.a in Frameworks */,
				9AA2F28F2847DCBE00A747A1 /* libios_aura_posix.a in Frameworks */,
				9A4173602000CA4C0056265A /* libssl.a in Frameworks */,
				9AA2F2942847DCC000A747A1 /* libios_crypto_openssl.a in Frameworks */,
				9A4BE107200018A200DED594 /* Foundation.framework in Frameworks */,
				9AA2F29F2847DCC400A747A1 /* libios_imaging_coreimage.a in Frameworks */,
				9AF761561F84385800FDE7CC /* UIKit.framework in Frameworks */,
				9AA2F27A2847DC5100A747A1 /* libios_apex_posix.a in Frameworks */,
				9AA2F2892847DCBD00A747A1 /* libios_aura.a in Frameworks */,
				9AC3F31B2CF904410061DCC0 /* libios_acme_windowing_kit.a in Frameworks */,
				9AF7614E1F8437C000FDE7CC /* CoreFoundation.framework in Frameworks */,
				9AF7615D1F84388800FDE7CC /* CoreText.framework in Frameworks */,
				9AF7615C1F84387F00FDE7CC /* CoreGraphics.framework in Frameworks */,
				9AA2F2962847DCC100A747A1 /* libios_database_sqlite3.a in Frameworks */,
				9AA2F29B2847DCC200A747A1 /* libios_folder_zip.a in Frameworks */,
				9AF7615E1F84389000FDE7CC /* libsqlite3.tbd in Frameworks */,
				9AF7615B1F84387700FDE7CC /* libiconv.tbd in Frameworks */,
				9AA2F2782847DC5100A747A1 /* libapex_ios.a in Frameworks */,
				9AA203B82847FE5400A747A1 /* libios_ca2_lowluds_ai_form.a in Frameworks */,
				9AA2F26E2847DC4F00A747A1 /* libios_acme_apple.a in Frameworks */,
				9AA2F2922847DCBF00A747A1 /* libios_base.a in Frameworks */,
				9AF761551F84384500FDE7CC /* libz.tbd in Frameworks */,
				9AA2F29A2847DCC200A747A1 /* libios_experience_tranquillum.a in Frameworks */,
				9AB54BC72D2B651900AFBCB1 /* libnode_ios.a in Frameworks */,
				9AA2F28A2847DCBD00A747A1 /* libios_aura_apple.a in Frameworks */,
				9AF761541F84383D00FDE7CC /* libbz2.tbd in Frameworks */,
				9AA2F2722847DC5000A747A1 /* libios_acme_posix.a in Frameworks */,
				9AA203C32848068900A747A1 /* CoreServices.framework in Frameworks */,
			);
			runOnlyForDeploymentPostprocessing = 0;
		};
		078C35421921758600354453 /* Frameworks */ = {
			isa = PBXFrameworksBuildPhase;
			buildActionMask = 2147483647;
			files = (
			);
			runOnlyForDeploymentPostprocessing = 0;
		};
/* End PBXFrameworksBuildPhase section */

/* Begin PBXGroup section */
		9A5752A716AAE1D2000CC4EF = {
			isa = PBXGroup;
			children = (
				9A93B7492846ED0F005ACD11 /* ca2_lowluds_ai_form.xcodeproj */,
				9A93B75E2846ED10005ACD11 /* database_sqlite3.xcodeproj */,
				9A93B7552846ED10005ACD11 /* crypto_openssl.xcodeproj */,
				9A93B7372846ED0F005ACD11 /* draw2d_quartz2d.xcodeproj */,
				9A93B7762846ED14005ACD11 /* experience_tranquillum.xcodeproj */,
				9A93B7402846ED0F005ACD11 /* folder_zip.xcodeproj */,
				9A93B72B2846ED0E005ACD11 /* imaging_coreimage.xcodeproj */,
				9A88136E2D1E6D0500BBEEF3 /* operating_ambient_ios.xcodeproj */,
				9A93B76D2846ED11005ACD11 /* write_text_quartz2d.xcodeproj */,
				9AE86B51285891B200F88364 /* __implement */,
				9A5752B516AAE1D2000CC4EF /* Frameworks */,
				9A5752B316AAE1D2000CC4EF /* Products */,
			);
			sourceTree = "<group>";
		};
		9A5752B316AAE1D2000CC4EF /* Products */ = {
			isa = PBXGroup;
			children = (
				078C352F1921758500354453 /* _ios_ca2_lowluds_ai_form.app */,
				078C35451921758600354453 /* ios_simple_form_simple_formTests.xctest */,
			);
			name = Products;
			sourceTree = "<group>";
		};
		9A5752B516AAE1D2000CC4EF /* Frameworks */ = {
			isa = PBXGroup;
			children = (
				9AB54BC62D2B651900AFBCB1 /* libnode_ios.a */,
				9AC3F32D2CF904560061DCC0 /* libios_nano_graphics_quartz2d.a */,
				9AC3F32A2CF9044B0061DCC0 /* libinnate_ui_uikit.a */,
				9AC3F31A2CF904410061DCC0 /* libios_acme_windowing_kit.a */,
				9A28CC122CF435FE00C6D8B1 /* liboperating_ambient_ios.a */,
				9A28CC012CF434D600C6D8B1 /* libacme_windowing_uikit.a */,
				9A0E4F032BF50014007C7253 /* SystemConfiguration.framework */,
				9A50CDF72B6CB88700FDB101 /* libios_archive.a */,
				9A50CC952B6CA9D200FDB101 /* UniformTypeIdentifiers.framework */,
				9A50CC932B6CA9CA00FDB101 /* libios_unac.a */,
				9A50CC912B6CA9BC00FDB101 /* libunac.dylib */,
				9A50CC8F2B6CA9B300FDB101 /* libios_aura_darwin.a */,
				9A50CC8B2B6CA9A500FDB101 /* libaura_darwin.dylib */,
				9A50CC8D2B6CA9A500FDB101 /* libios_darwin.a */,
				9A50CC892B6CA98A00FDB101 /* libios_acme_darwin.a */,
				9A50CC852B6CA98400FDB101 /* libios_acme_darwin.a */,
				9A50CC872B6CA98400FDB101 /* libios_apex_darwin.a */,
				9AA203C22848068800A747A1 /* CoreServices.framework */,
				9AA2F27C2847DCBC00A747A1 /* libios_aqua.a */,
				9AA2F27D2847DCBC00A747A1 /* libios_aura.a */,
				9AA2F27E2847DCBC00A747A1 /* libios_aura_apple.a */,
				9AA2F27F2847DCBC00A747A1 /* libaura_ios.a */,
				9AA2F2802847DCBC00A747A1 /* libios_aura_macos.a */,
				9AA2F2812847DCBC00A747A1 /* libios_aura_posix.a */,
				9AA2F2822847DCBC00A747A1 /* libios_axis.a */,
				9AA2F2832847DCBC00A747A1 /* libios_base.a */,
				9AA2F2842847DCBC00A747A1 /* libios_idn.a */,
				9AA2F2852847DCBC00A747A1 /* libnode_macos.dylib */,
				9AA2F2862847DCBC00A747A1 /* libwindowing_ios.a */,
				9AA2F2642847DC4E00A747A1 /* libios_acme.a */,
				9AA2F2652847DC4E00A747A1 /* libios_acme_apple.a */,
				9AA2F2662847DC4E00A747A1 /* libacme_ios.a */,
				9AA2F2672847DC4E00A747A1 /* libios_acme_posix.a */,
				9AA2F2682847DC4E00A747A1 /* libios_apex.a */,
				9AA2F2692847DC4E00A747A1 /* libios_apex_apple.a */,
				9AA2F26A2847DC4E00A747A1 /* libapex_ios.a */,
				9AA2F26B2847DC4E00A747A1 /* libios_apex_posix.a */,
				9A4972272001907B00B9C9B2 /* MobileCoreServices.framework */,
				9A4972092001905400B9C9B2 /* ImageIO.framework */,
				9A41735D2000CA4B0056265A /* libcrypto.a */,
				9A41735E2000CA4C0056265A /* libssl.a */,
				9AEB6A0B1F81DD0400F40B32 /* libiconv.tbd */,
				9A8181C61F21C35100FDAF74 /* libsqlite3.tbd */,
				9A8181C41F21C33E00FDAF74 /* libbz2.tbd */,
				9A8181C21F21C33500FDAF74 /* libz.tbd */,
				9A8181BE1F21C2F000FDAF74 /* CoreText.framework */,
				9A81813E1F21B96700FDAF74 /* libios_gcom.dylib */,
				077A02081B4D5758001C85FF /* UIKit.framework */,
				07B5903518866047002C6FEC /* CoreFoundation.framework */,
				9AE24EC31904E95E001AEFFB /* CoreGraphics.framework */,
				9A5752B816AAE1D2000CC4EF /* Other Frameworks */,
			);
			name = Frameworks;
			sourceTree = "<group>";
		};
		9A5752B816AAE1D2000CC4EF /* Other Frameworks */ = {
			isa = PBXGroup;
			children = (
				9A5752B916AAE1D2000CC4EF /* AppKit.framework */,
				9A5752BA16AAE1D2000CC4EF /* CoreData.framework */,
				9A5752BB16AAE1D2000CC4EF /* Foundation.framework */,
			);
			name = "Other Frameworks";
			sourceTree = "<group>";
		};
		9A93B72C2846ED0E005ACD11 /* Products */ = {
			isa = PBXGroup;
			children = (
				9A93B7322846ED0F005ACD11 /* libimaging_coreimage.dylib */,
				9A93B7342846ED0F005ACD11 /* libios_imaging_coreimage.a */,
				9A93B7362846ED0F005ACD11 /* math_iosTests.xctest */,
			);
			name = Products;
			sourceTree = "<group>";
		};
		9A93B7382846ED0F005ACD11 /* Products */ = {
			isa = PBXGroup;
			children = (
				9A93B73D2846ED0F005ACD11 /* libdraw2d_quartz2d.dylib */,
				9A93B73F2846ED0F005ACD11 /* libios_draw2d_quartz2d.a */,
			);
			name = Products;
			sourceTree = "<group>";
		};
		9A93B7412846ED0F005ACD11 /* Products */ = {
			isa = PBXGroup;
			children = (
				9A93B7462846ED0F005ACD11 /* libfolder_zip.dylib */,
				9A93B7482846ED0F005ACD11 /* libios_folder_zip.a */,
				9A50C7C62B6C941D00FDB101 /* libstatic_folder_zip.a */,
			);
			name = Products;
			sourceTree = "<group>";
		};
		9A93B74A2846ED0F005ACD11 /* Products */ = {
			isa = PBXGroup;
			children = (
				9A93B7502846ED0F005ACD11 /* libca2_lowluds_ai_form.dylib */,
				9A93B7522846ED0F005ACD11 /* libios_ca2_lowluds_ai_form.a */,
				9A93B7542846ED0F005ACD11 /* app_core_hellomultiverse_iosTests.xctest */,
			);
			name = Products;
			sourceTree = "<group>";
		};
		9A93B7562846ED10005ACD11 /* Products */ = {
			isa = PBXGroup;
			children = (
				9A93B75B2846ED10005ACD11 /* libcrypto_openssl.dylib */,
				9A93B75D2846ED10005ACD11 /* libios_crypto_openssl.a */,
				9A50C7BE2B6C941D00FDB101 /* libstatic_crypto_openssl.dylib */,
			);
			name = Products;
			sourceTree = "<group>";
		};
		9A93B75F2846ED10005ACD11 /* Products */ = {
			isa = PBXGroup;
			children = (
				9A93B7642846ED10005ACD11 /* libdatabase_sqlite3.dylib */,
				9A93B7662846ED10005ACD11 /* libios_database_sqlite3.a */,
			);
			name = Products;
			sourceTree = "<group>";
		};
		9A93B76E2846ED11005ACD11 /* Products */ = {
			isa = PBXGroup;
			children = (
				9A93B7732846ED13005ACD11 /* libwrite_text_quartz2d.dylib */,
				9A93B7752846ED13005ACD11 /* libios_write_text_quartz2d.a */,
			);
			name = Products;
			sourceTree = "<group>";
		};
		9A93B7772846ED14005ACD11 /* Products */ = {
			isa = PBXGroup;
			children = (
				9A93B77D2846ED14005ACD11 /* libexperience_tranquillum.dylib */,
				9A93B77F2846ED14005ACD11 /* libios_experience_tranquillum.a */,
				9A93B7812846ED14005ACD11 /* experience_lite_iosTests.xctest */,
			);
			name = Products;
			sourceTree = "<group>";
		};
		9AE86B51285891B200F88364 /* __implement */ = {
			isa = PBXGroup;
			children = (
				9A50CC812B6CA93900FDB101 /* _____debug.xcconfig */,
				9A50CC822B6CA93900FDB101 /* _____release.xcconfig */,
				9AE86C0A285891B400F88364 /* _matter.zip */,
				9A28CC102CF4354900C6D8B1 /* _static_factory_.inl */,
				9AE86C17285891B400F88364 /* main.cpp */,
				9AE86C10285891B400F88364 /* ios */,
			);
			name = __implement;
			sourceTree = "<group>";
		};
		9AE86C10285891B400F88364 /* ios */ = {
			isa = PBXGroup;
			children = (
				9AE86C11285891B400F88364 /* InfoPlist.strings */,
				9AE86C13285891B400F88364 /* Images.xcassets */,
				9AE86C14285891B400F88364 /* Launch Screen.storyboard */,
				9AE86C15285891B400F88364 /* Info.plist */,
			);
			path = ios;
			sourceTree = "<group>";
		};
		9AFC3E9F2D1E70B800F05066 /* Products */ = {
			isa = PBXGroup;
			children = (
				9AFC3EA52D1E70B800F05066 /* liboperating_ambient_ios.a */,
			);
			name = Products;
			sourceTree = "<group>";
		};
/* End PBXGroup section */

/* Begin PBXNativeTarget section */
		078C352E1921758500354453 /* _ios_ca2_lowluds_ai_form */ = {
			isa = PBXNativeTarget;
			buildConfigurationList = 078C35741921758600354453 /* Build configuration list for PBXNativeTarget "_ios_ca2_lowluds_ai_form" */;
			buildPhases = (
				078C352B1921758500354453 /* Sources */,
				078C352C1921758500354453 /* Frameworks */,
				078C352D1921758500354453 /* Resources */,
			);
			buildRules = (
			);
			dependencies = (
				9ACD7FC22D1E766400AD9456 /* PBXTargetDependency */,
				9AE0E1622B705E2500D4F550 /* PBXTargetDependency */,
				9AA2EF252847D88800A747A1 /* PBXTargetDependency */,
				9AA2EF272847D88800A747A1 /* PBXTargetDependency */,
				9AA2EF292847D88800A747A1 /* PBXTargetDependency */,
				9AA2EF2B2847D88800A747A1 /* PBXTargetDependency */,
				9AA2EF2D2847D88800A747A1 /* PBXTargetDependency */,
				9AA2EF2F2847D88800A747A1 /* PBXTargetDependency */,
				9AA2EF332847D88800A747A1 /* PBXTargetDependency */,
			);
			name = _ios_ca2_lowluds_ai_form;
			productName = wiossimple_form_simple_form;
			productReference = 078C352F1921758500354453 /* _ios_ca2_lowluds_ai_form.app */;
			productType = "com.apple.product-type.application";
		};
		078C35441921758600354453 /* ios_simple_form_simple_formTests */ = {
			isa = PBXNativeTarget;
			buildConfigurationList = 078C35751921758600354453 /* Build configuration list for PBXNativeTarget "ios_simple_form_simple_formTests" */;
			buildPhases = (
				078C35411921758600354453 /* Sources */,
				078C35421921758600354453 /* Frameworks */,
				078C35431921758600354453 /* Resources */,
			);
			buildRules = (
			);
			dependencies = (
				078C354A1921758600354453 /* PBXTargetDependency */,
			);
			name = ios_simple_form_simple_formTests;
			productName = wiossimple_form_simple_formTests;
			productReference = 078C35451921758600354453 /* ios_simple_form_simple_formTests.xctest */;
			productType = "com.apple.product-type.bundle.unit-test";
		};
/* End PBXNativeTarget section */

/* Begin PBXProject section */
		9A5752A916AAE1D2000CC4EF /* Project object */ = {
			isa = PBXProject;
			attributes = {
				BuildIndependentTargetsInParallel = YES;
				CLASSPREFIX = "";
				LastUpgradeCheck = 1540;
				ORGANIZATIONNAME = "ca2 Software Development";
				TargetAttributes = {
					078C352E1921758500354453 = {
						DevelopmentTeam = L8N5V6TZE5;
						ProvisioningStyle = Automatic;
						SystemCapabilities = {
							com.apple.BackgroundModes = {
								enabled = 0;
							};
							com.apple.iCloud = {
								enabled = 0;
							};
						};
					};
					078C35441921758600354453 = {
						DevelopmentTeam = L8N5V6TZE5;
						TestTargetID = 078C352E1921758500354453;
					};
				};
			};
			buildConfigurationList = 9A5752AC16AAE1D2000CC4EF /* Build configuration list for PBXProject "_ios_ca2_lowluds_ai_form" */;
			compatibilityVersion = "Xcode 12.0";
			developmentRegion = en;
			hasScannedForEncodings = 0;
			knownRegions = (
				en,
				Base,
			);
			mainGroup = 9A5752A716AAE1D2000CC4EF;
			productRefGroup = 9A5752B316AAE1D2000CC4EF /* Products */;
			projectDirPath = "";
			projectReferences = (
				{
					ProductGroup = 9A93B74A2846ED0F005ACD11 /* Products */;
					ProjectRef = 9A93B7492846ED0F005ACD11 /* ca2_lowluds_ai_form.xcodeproj */;
				},
				{
					ProductGroup = 9A93B7562846ED10005ACD11 /* Products */;
					ProjectRef = 9A93B7552846ED10005ACD11 /* crypto_openssl.xcodeproj */;
				},
				{
					ProductGroup = 9A93B75F2846ED10005ACD11 /* Products */;
					ProjectRef = 9A93B75E2846ED10005ACD11 /* database_sqlite3.xcodeproj */;
				},
				{
					ProductGroup = 9A93B7382846ED0F005ACD11 /* Products */;
					ProjectRef = 9A93B7372846ED0F005ACD11 /* draw2d_quartz2d.xcodeproj */;
				},
				{
					ProductGroup = 9A93B7772846ED14005ACD11 /* Products */;
					ProjectRef = 9A93B7762846ED14005ACD11 /* experience_tranquillum.xcodeproj */;
				},
				{
					ProductGroup = 9A93B7412846ED0F005ACD11 /* Products */;
					ProjectRef = 9A93B7402846ED0F005ACD11 /* folder_zip.xcodeproj */;
				},
				{
					ProductGroup = 9A93B72C2846ED0E005ACD11 /* Products */;
					ProjectRef = 9A93B72B2846ED0E005ACD11 /* imaging_coreimage.xcodeproj */;
				},
				{
					ProductGroup = 9AFC3E9F2D1E70B800F05066 /* Products */;
					ProjectRef = 9A88136E2D1E6D0500BBEEF3 /* operating_ambient_ios.xcodeproj */;
				},
				{
					ProductGroup = 9A93B76E2846ED11005ACD11 /* Products */;
					ProjectRef = 9A93B76D2846ED11005ACD11 /* write_text_quartz2d.xcodeproj */;
				},
			);
			projectRoot = "";
			targets = (
				078C352E1921758500354453 /* _ios_ca2_lowluds_ai_form */,
				078C35441921758600354453 /* ios_simple_form_simple_formTests */,
			);
		};
/* End PBXProject section */

/* Begin PBXReferenceProxy section */
		9A50C7BE2B6C941D00FDB101 /* libstatic_crypto_openssl.dylib */ = {
			isa = PBXReferenceProxy;
			fileType = "compiled.mach-o.dylib";
			path = libstatic_crypto_openssl.dylib;
			remoteRef = 9A50C7BD2B6C941D00FDB101 /* PBXContainerItemProxy */;
			sourceTree = BUILT_PRODUCTS_DIR;
		};
		9A50C7C62B6C941D00FDB101 /* libstatic_folder_zip.a */ = {
			isa = PBXReferenceProxy;
			fileType = "compiled.mach-o.dylib";
			path = libstatic_folder_zip.a;
			remoteRef = 9A50C7C52B6C941D00FDB101 /* PBXContainerItemProxy */;
			sourceTree = BUILT_PRODUCTS_DIR;
		};
		9A93B7322846ED0F005ACD11 /* libimaging_coreimage.dylib */ = {
			isa = PBXReferenceProxy;
			fileType = "compiled.mach-o.dylib";
			path = libimaging_coreimage.dylib;
			remoteRef = 9A93B7312846ED0F005ACD11 /* PBXContainerItemProxy */;
			sourceTree = BUILT_PRODUCTS_DIR;
		};
		9A93B7342846ED0F005ACD11 /* libios_imaging_coreimage.a */ = {
			isa = PBXReferenceProxy;
			fileType = archive.ar;
			path = libios_imaging_coreimage.a;
			remoteRef = 9A93B7332846ED0F005ACD11 /* PBXContainerItemProxy */;
			sourceTree = BUILT_PRODUCTS_DIR;
		};
		9A93B7362846ED0F005ACD11 /* math_iosTests.xctest */ = {
			isa = PBXReferenceProxy;
			fileType = wrapper.cfbundle;
			path = math_iosTests.xctest;
			remoteRef = 9A93B7352846ED0F005ACD11 /* PBXContainerItemProxy */;
			sourceTree = BUILT_PRODUCTS_DIR;
		};
		9A93B73D2846ED0F005ACD11 /* libdraw2d_quartz2d.dylib */ = {
			isa = PBXReferenceProxy;
			fileType = "compiled.mach-o.dylib";
			path = libdraw2d_quartz2d.dylib;
			remoteRef = 9A93B73C2846ED0F005ACD11 /* PBXContainerItemProxy */;
			sourceTree = BUILT_PRODUCTS_DIR;
		};
		9A93B73F2846ED0F005ACD11 /* libios_draw2d_quartz2d.a */ = {
			isa = PBXReferenceProxy;
			fileType = "compiled.mach-o.dylib";
			path = libios_draw2d_quartz2d.a;
			remoteRef = 9A93B73E2846ED0F005ACD11 /* PBXContainerItemProxy */;
			sourceTree = BUILT_PRODUCTS_DIR;
		};
		9A93B7462846ED0F005ACD11 /* libfolder_zip.dylib */ = {
			isa = PBXReferenceProxy;
			fileType = "compiled.mach-o.dylib";
			path = libfolder_zip.dylib;
			remoteRef = 9A93B7452846ED0F005ACD11 /* PBXContainerItemProxy */;
			sourceTree = BUILT_PRODUCTS_DIR;
		};
		9A93B7482846ED0F005ACD11 /* libios_folder_zip.a */ = {
			isa = PBXReferenceProxy;
			fileType = "compiled.mach-o.dylib";
			path = libios_folder_zip.a;
			remoteRef = 9A93B7472846ED0F005ACD11 /* PBXContainerItemProxy */;
			sourceTree = BUILT_PRODUCTS_DIR;
		};
		9A93B7502846ED0F005ACD11 /* libca2_lowluds_ai_form.dylib */ = {
			isa = PBXReferenceProxy;
			fileType = "compiled.mach-o.dylib";
			path = libca2_lowluds_ai_form.dylib;
			remoteRef = 9A93B74F2846ED0F005ACD11 /* PBXContainerItemProxy */;
			sourceTree = BUILT_PRODUCTS_DIR;
		};
		9A93B7522846ED0F005ACD11 /* libios_ca2_lowluds_ai_form.a */ = {
			isa = PBXReferenceProxy;
			fileType = archive.ar;
			path = libios_ca2_lowluds_ai_form.a;
			remoteRef = 9A93B7512846ED0F005ACD11 /* PBXContainerItemProxy */;
			sourceTree = BUILT_PRODUCTS_DIR;
		};
		9A93B7542846ED0F005ACD11 /* app_core_hellomultiverse_iosTests.xctest */ = {
			isa = PBXReferenceProxy;
			fileType = wrapper.cfbundle;
			path = app_core_hellomultiverse_iosTests.xctest;
			remoteRef = 9A93B7532846ED0F005ACD11 /* PBXContainerItemProxy */;
			sourceTree = BUILT_PRODUCTS_DIR;
		};
		9A93B75B2846ED10005ACD11 /* libcrypto_openssl.dylib */ = {
			isa = PBXReferenceProxy;
			fileType = "compiled.mach-o.dylib";
			path = libcrypto_openssl.dylib;
			remoteRef = 9A93B75A2846ED10005ACD11 /* PBXContainerItemProxy */;
			sourceTree = BUILT_PRODUCTS_DIR;
		};
		9A93B75D2846ED10005ACD11 /* libios_crypto_openssl.a */ = {
			isa = PBXReferenceProxy;
			fileType = "compiled.mach-o.dylib";
			path = libios_crypto_openssl.a;
			remoteRef = 9A93B75C2846ED10005ACD11 /* PBXContainerItemProxy */;
			sourceTree = BUILT_PRODUCTS_DIR;
		};
		9A93B7642846ED10005ACD11 /* libdatabase_sqlite3.dylib */ = {
			isa = PBXReferenceProxy;
			fileType = "compiled.mach-o.dylib";
			path = libdatabase_sqlite3.dylib;
			remoteRef = 9A93B7632846ED10005ACD11 /* PBXContainerItemProxy */;
			sourceTree = BUILT_PRODUCTS_DIR;
		};
		9A93B7662846ED10005ACD11 /* libios_database_sqlite3.a */ = {
			isa = PBXReferenceProxy;
			fileType = "compiled.mach-o.dylib";
			path = libios_database_sqlite3.a;
			remoteRef = 9A93B7652846ED10005ACD11 /* PBXContainerItemProxy */;
			sourceTree = BUILT_PRODUCTS_DIR;
		};
		9A93B7732846ED13005ACD11 /* libwrite_text_quartz2d.dylib */ = {
			isa = PBXReferenceProxy;
			fileType = "compiled.mach-o.dylib";
			path = libwrite_text_quartz2d.dylib;
			remoteRef = 9A93B7722846ED13005ACD11 /* PBXContainerItemProxy */;
			sourceTree = BUILT_PRODUCTS_DIR;
		};
		9A93B7752846ED13005ACD11 /* libios_write_text_quartz2d.a */ = {
			isa = PBXReferenceProxy;
			fileType = "compiled.mach-o.dylib";
			path = libios_write_text_quartz2d.a;
			remoteRef = 9A93B7742846ED13005ACD11 /* PBXContainerItemProxy */;
			sourceTree = BUILT_PRODUCTS_DIR;
		};
		9A93B77D2846ED14005ACD11 /* libexperience_tranquillum.dylib */ = {
			isa = PBXReferenceProxy;
			fileType = "compiled.mach-o.dylib";
			path = libexperience_tranquillum.dylib;
			remoteRef = 9A93B77C2846ED14005ACD11 /* PBXContainerItemProxy */;
			sourceTree = BUILT_PRODUCTS_DIR;
		};
		9A93B77F2846ED14005ACD11 /* libios_experience_tranquillum.a */ = {
			isa = PBXReferenceProxy;
			fileType = archive.ar;
			path = libios_experience_tranquillum.a;
			remoteRef = 9A93B77E2846ED14005ACD11 /* PBXContainerItemProxy */;
			sourceTree = BUILT_PRODUCTS_DIR;
		};
		9A93B7812846ED14005ACD11 /* experience_lite_iosTests.xctest */ = {
			isa = PBXReferenceProxy;
			fileType = wrapper.cfbundle;
			path = experience_lite_iosTests.xctest;
			remoteRef = 9A93B7802846ED14005ACD11 /* PBXContainerItemProxy */;
			sourceTree = BUILT_PRODUCTS_DIR;
		};
		9AFC3EA52D1E70B800F05066 /* liboperating_ambient_ios.a */ = {
			isa = PBXReferenceProxy;
			fileType = "compiled.mach-o.dylib";
			path = liboperating_ambient_ios.a;
			remoteRef = 9AFC3EA42D1E70B800F05066 /* PBXContainerItemProxy */;
			sourceTree = BUILT_PRODUCTS_DIR;
		};
/* End PBXReferenceProxy section */

/* Begin PBXResourcesBuildPhase section */
		078C352D1921758500354453 /* Resources */ = {
			isa = PBXResourcesBuildPhase;
			buildActionMask = 2147483647;
			files = (
				9AE86D1C2858924600F88364 /* Launch Screen.storyboard in Resources */,
				9AE86D1D2858924800F88364 /* Images.xcassets in Resources */,
				9A28CC112CF4354900C6D8B1 /* _static_factory_.inl in Resources */,
				9AE86D1E2858924A00F88364 /* _matter.zip in Resources */,
			);
			runOnlyForDeploymentPostprocessing = 0;
		};
		078C35431921758600354453 /* Resources */ = {
			isa = PBXResourcesBuildPhase;
			buildActionMask = 2147483647;
			files = (
			);
			runOnlyForDeploymentPostprocessing = 0;
		};
/* End PBXResourcesBuildPhase section */

/* Begin PBXSourcesBuildPhase section */
		078C352B1921758500354453 /* Sources */ = {
			isa = PBXSourcesBuildPhase;
			buildActionMask = 2147483647;
			files = (
				9AE86D4C2858A15700F88364 /* main.cpp in Sources */,
			);
			runOnlyForDeploymentPostprocessing = 0;
		};
		078C35411921758600354453 /* Sources */ = {
			isa = PBXSourcesBuildPhase;
			buildActionMask = 2147483647;
			files = (
			);
			runOnlyForDeploymentPostprocessing = 0;
		};
/* End PBXSourcesBuildPhase section */

/* Begin PBXTargetDependency section */
		078C354A1921758600354453 /* PBXTargetDependency */ = {
			isa = PBXTargetDependency;
			target = 078C352E1921758500354453 /* _ios_ca2_lowluds_ai_form */;
			targetProxy = 078C35491921758600354453 /* PBXContainerItemProxy */;
		};
		9AA2EF252847D88800A747A1 /* PBXTargetDependency */ = {
			isa = PBXTargetDependency;
			name = ios_database_sqlite3;
			targetProxy = 9AA2EF242847D88800A747A1 /* PBXContainerItemProxy */;
		};
		9AA2EF272847D88800A747A1 /* PBXTargetDependency */ = {
			isa = PBXTargetDependency;
			name = ios_crypto_openssl;
			targetProxy = 9AA2EF262847D88800A747A1 /* PBXContainerItemProxy */;
		};
		9AA2EF292847D88800A747A1 /* PBXTargetDependency */ = {
			isa = PBXTargetDependency;
			name = ios_draw2d_quartz2d;
			targetProxy = 9AA2EF282847D88800A747A1 /* PBXContainerItemProxy */;
		};
		9AA2EF2B2847D88800A747A1 /* PBXTargetDependency */ = {
			isa = PBXTargetDependency;
			name = ios_experience_tranquillum;
			targetProxy = 9AA2EF2A2847D88800A747A1 /* PBXContainerItemProxy */;
		};
		9AA2EF2D2847D88800A747A1 /* PBXTargetDependency */ = {
			isa = PBXTargetDependency;
			name = ios_folder_zip;
			targetProxy = 9AA2EF2C2847D88800A747A1 /* PBXContainerItemProxy */;
		};
		9AA2EF2F2847D88800A747A1 /* PBXTargetDependency */ = {
			isa = PBXTargetDependency;
			name = ios_imaging_coreimage;
			targetProxy = 9AA2EF2E2847D88800A747A1 /* PBXContainerItemProxy */;
		};
		9AA2EF332847D88800A747A1 /* PBXTargetDependency */ = {
			isa = PBXTargetDependency;
			name = ios_write_text_quartz2d;
			targetProxy = 9AA2EF322847D88800A747A1 /* PBXContainerItemProxy */;
		};
		9ACD7FC22D1E766400AD9456 /* PBXTargetDependency */ = {
			isa = PBXTargetDependency;
			name = operating_ambient_ios;
			targetProxy = 9ACD7FC12D1E766400AD9456 /* PBXContainerItemProxy */;
		};
		9AE0E1622B705E2500D4F550 /* PBXTargetDependency */ = {
			isa = PBXTargetDependency;
			name = ios_ca2_lowluds_ai_form;
			targetProxy = 9AE0E1612B705E2500D4F550 /* PBXContainerItemProxy */;
		};
/* End PBXTargetDependency section */

/* Begin PBXVariantGroup section */
		9AE86C11285891B400F88364 /* InfoPlist.strings */ = {
			isa = PBXVariantGroup;
			children = (
				9AE86C12285891B400F88364 /* en */,
			);
			name = InfoPlist.strings;
			sourceTree = "<group>";
		};
/* End PBXVariantGroup section */

/* Begin XCBuildConfiguration section */
		078C35531921758600354453 /* Debug */ = {
			isa = XCBuildConfiguration;
			buildSettings = {
				ASSETCATALOG_COMPILER_APPICON_NAME = AppIcon;
				CLANG_ENABLE_OBJC_WEAK = YES;
				CURRENT_PROJECT_VERSION = 10;
				DEAD_CODE_STRIPPING = YES;
				DEVELOPMENT_TEAM = L8N5V6TZE5;
				GENERATE_INFOPLIST_FILE = YES;
				INFOPLIST_FILE = "$(SRCROOT)/ios/Info.plist";
				INFOPLIST_KEY_CFBundleDisplayName = "$(PRODUCT_NAME)";
				INFOPLIST_KEY_NSHumanReadableCopyright = "Copyright © 2015-2023 ca2 Desenvolvimento de Software Ltda. All rights reserved.";
				INFOPLIST_KEY_NSPrincipalClass = UIApplication;
				INFOPLIST_KEY_UILaunchStoryboardName = "Launch Screen";
				INFOPLIST_KEY_UISupportedInterfaceOrientations = "UIInterfaceOrientationLandscapeLeft UIInterfaceOrientationLandscapeRight UIInterfaceOrientationPortrait UIInterfaceOrientationPortraitUpsideDown";
				MACH_O_TYPE = mh_execute;
				MARKETING_VERSION = 0.1;
				PLATFORM_MODIFIER = ios;
				PRODUCT_BUNDLE_IDENTIFIER = "ca2.network.app-simple.form";
				WRAPPER_EXTENSION = app;
			};
			name = Debug;
		};
		078C35541921758600354453 /* Release */ = {
			isa = XCBuildConfiguration;
			buildSettings = {
				ASSETCATALOG_COMPILER_APPICON_NAME = AppIcon;
				CLANG_ENABLE_OBJC_WEAK = YES;
				CURRENT_PROJECT_VERSION = 10;
				DEAD_CODE_STRIPPING = YES;
				DEVELOPMENT_TEAM = L8N5V6TZE5;
				GENERATE_INFOPLIST_FILE = YES;
				INFOPLIST_FILE = "$(SRCROOT)/ios/Info.plist";
				INFOPLIST_KEY_CFBundleDisplayName = "$(PRODUCT_NAME)";
				INFOPLIST_KEY_NSHumanReadableCopyright = "Copyright © 2015-2023 ca2 Desenvolvimento de Software Ltda. All rights reserved.";
				INFOPLIST_KEY_NSPrincipalClass = UIApplication;
				INFOPLIST_KEY_UILaunchStoryboardName = "Launch Screen";
				INFOPLIST_KEY_UISupportedInterfaceOrientations = "UIInterfaceOrientationLandscapeLeft UIInterfaceOrientationLandscapeRight UIInterfaceOrientationPortrait UIInterfaceOrientationPortraitUpsideDown";
				MACH_O_TYPE = mh_execute;
				MARKETING_VERSION = 0.1;
				PLATFORM_MODIFIER = ios;
				PRODUCT_BUNDLE_IDENTIFIER = "ca2.network.app-simple.form";
				WRAPPER_EXTENSION = app;
			};
			name = Release;
		};
		078C35551921758600354453 /* Debug */ = {
			isa = XCBuildConfiguration;
			buildSettings = {
				ALWAYS_SEARCH_USER_PATHS = NO;
				BUNDLE_LOADER = "$(BUILT_PRODUCTS_DIR)/wiossimple_form_simple_form.app/wiossimple_form_simple_form";
				CLANG_CXX_LANGUAGE_STANDARD = "gnu++0x";
				CLANG_ENABLE_OBJC_ARC = YES;
				DEAD_CODE_STRIPPING = YES;
				FRAMEWORK_SEARCH_PATHS = (
					"$(SDKROOT)/Developer/Library/Frameworks",
					"$(inherited)",
					"$(DEVELOPER_FRAMEWORKS_DIR)",
				);
				GCC_C_LANGUAGE_STANDARD = gnu99;
				GCC_PRECOMPILE_PREFIX_HEADER = NO;
				GCC_PREPROCESSOR_DEFINITIONS = (
					"DEBUG=1",
					"$(inherited)",
				);
				INFOPLIST_FILE = "wiossimple_form_simple_formTests/wiossimple_form_simple_formTests-Info.plist";
				IPHONEOS_DEPLOYMENT_TARGET = 12.0;
				MACOSX_DEPLOYMENT_TARGET = "$(RECOMMENDED_MACOSX_DEPLOYMENT_TARGET)";
				PRODUCT_BUNDLE_IDENTIFIER = "ca2.${PRODUCT_NAME:rfc1034identifier}";
				PRODUCT_NAME = "$(TARGET_NAME)";
				TEST_HOST = "$(BUNDLE_LOADER)";
				WRAPPER_EXTENSION = xctest;
			};
			name = Debug;
		};
		078C35561921758600354453 /* Release */ = {
			isa = XCBuildConfiguration;
			buildSettings = {
				ALWAYS_SEARCH_USER_PATHS = NO;
				BUNDLE_LOADER = "$(BUILT_PRODUCTS_DIR)/wiossimple_form_simple_form.app/wiossimple_form_simple_form";
				CLANG_CXX_LANGUAGE_STANDARD = "gnu++0x";
				CLANG_ENABLE_OBJC_ARC = YES;
				DEAD_CODE_STRIPPING = YES;
				ENABLE_NS_ASSERTIONS = NO;
				FRAMEWORK_SEARCH_PATHS = (
					"$(SDKROOT)/Developer/Library/Frameworks",
					"$(inherited)",
					"$(DEVELOPER_FRAMEWORKS_DIR)",
				);
				GCC_C_LANGUAGE_STANDARD = gnu99;
				GCC_PRECOMPILE_PREFIX_HEADER = NO;
				INFOPLIST_FILE = "wiossimple_form_simple_formTests/wiossimple_form_simple_formTests-Info.plist";
				IPHONEOS_DEPLOYMENT_TARGET = 12.0;
				MACOSX_DEPLOYMENT_TARGET = "$(RECOMMENDED_MACOSX_DEPLOYMENT_TARGET)";
				PRODUCT_BUNDLE_IDENTIFIER = "ca2.${PRODUCT_NAME:rfc1034identifier}";
				PRODUCT_NAME = "$(TARGET_NAME)";
				TEST_HOST = "$(BUNDLE_LOADER)";
				WRAPPER_EXTENSION = xctest;
			};
			name = Release;
		};
		9A5752CE16AAE1D3000CC4EF /* Debug */ = {
			isa = XCBuildConfiguration;
			baseConfigurationReference = 9A50CC812B6CA93900FDB101 /* _____debug.xcconfig */;
			buildSettings = {
				ALWAYS_SEARCH_USER_PATHS = NO;
				CLANG_ANALYZER_LOCALIZABILITY_NONLOCALIZED = YES;
				CLANG_CXX_LANGUAGE_STANDARD = "c++20";
				CLANG_ENABLE_MODULE_DEBUGGING = NO;
				CLANG_WARN_BLOCK_CAPTURE_AUTORELEASING = YES;
				CLANG_WARN_BOOL_CONVERSION = YES;
				CLANG_WARN_COMMA = YES;
				CLANG_WARN_CONSTANT_CONVERSION = YES;
				CLANG_WARN_DEPRECATED_OBJC_IMPLEMENTATIONS = YES;
				CLANG_WARN_EMPTY_BODY = YES;
				CLANG_WARN_ENUM_CONVERSION = YES;
				CLANG_WARN_INFINITE_RECURSION = YES;
				CLANG_WARN_INT_CONVERSION = YES;
				CLANG_WARN_NON_LITERAL_NULL_CONVERSION = YES;
				CLANG_WARN_OBJC_IMPLICIT_RETAIN_SELF = YES;
				CLANG_WARN_OBJC_LITERAL_CONVERSION = YES;
				CLANG_WARN_QUOTED_INCLUDE_IN_FRAMEWORK_HEADER = YES;
				CLANG_WARN_RANGE_LOOP_ANALYSIS = YES;
				CLANG_WARN_STRICT_PROTOTYPES = YES;
				CLANG_WARN_SUSPICIOUS_MOVE = YES;
				CLANG_WARN_UNREACHABLE_CODE = YES;
				CLANG_WARN__DUPLICATE_METHOD_MATCH = YES;
				CODE_SIGN_IDENTITY = "iPhone Developer";
				COPY_PHASE_STRIP = NO;
				DEAD_CODE_STRIPPING = YES;
				DEBUG_INFORMATION_FORMAT = dwarf;
				DEPLOYMENT_POSTPROCESSING = YES;
				ENABLE_STRICT_OBJC_MSGSEND = YES;
				ENABLE_TESTABILITY = YES;
				ENABLE_USER_SCRIPT_SANDBOXING = YES;
				GCC_C_LANGUAGE_STANDARD = c17;
				GCC_NO_COMMON_BLOCKS = YES;
				GCC_OPTIMIZATION_LEVEL = 0;
				GCC_SYMBOLS_PRIVATE_EXTERN = NO;
				GCC_WARN_64_TO_32_BIT_CONVERSION = YES;
				GCC_WARN_ABOUT_RETURN_TYPE = YES;
				GCC_WARN_UNDECLARED_SELECTOR = YES;
				GCC_WARN_UNINITIALIZED_AUTOS = YES;
				GCC_WARN_UNUSED_FUNCTION = YES;
				GCC_WARN_UNUSED_VARIABLE = YES;
				HEADER_SEARCH_PATHS = "";
				LD_RUNPATH_SEARCH_PATHS = "@executable_path";
				LIBRARY_SEARCH_PATHS = (
					"$(inherited)",
					"$(WorkspaceDir)/operating_system",
					"$(WorkspaceDir)/../operating_system/storage-$(PLATFORM_MODIFIER)/$(ARCHS)/library",
				);
				ONLY_ACTIVE_ARCH = YES;
				PRODUCT_NAME = "$(TARGET_NAME)";
				SDKROOT = iphoneos;
				SUPPORTED_PLATFORMS = "iphonesimulator iphoneos";
				SYSTEM_HEADER_SEARCH_PATHS = (
					"$(WorkspaceDir)/operating_system",
					"$(WorkspaceDir)/operating_system/operating_system-$(PLATFORM_MODIFIER)",
					"$(WorkspaceDir)/operating_system/operating_system-$(PLATFORM_MODIFIER)/include/configuration_selection/$(CONFIGURATION)",
					"$(WorkspaceDir)/operating_system/operating_system-$(PLATFORM_MODIFIER)/include",
					"$(WorkspaceDir)/port/_",
					"$(WorkspaceDir)/port/include",
					"$(WorkspaceDir)/source/app",
				);
				TARGETED_DEVICE_FAMILY = "1,2";
				USER_HEADER_SEARCH_PATHS = (
					.,
					"$(WorkspaceDir)/source",
					"$(WorkspaceDir)/source/include",
					"$(WorkspaceDir)/source/app",
					"$(WorkspaceDir)/source/app/include",
					"$(WorkspaceDir)/operating_system",
					"$(WorkspaceDir)/operating_system/operating_system-$(PLATFORM_MODIFIER)",
					"$(WorkspaceDir)/operating_system/operating_system-$(PLATFORM_MODIFIER)/include/configuration_selection/$(CONFIGURATION)",
					"$(WorkspaceDir)/operating_system/operating_system-$(PLATFORM_MODIFIER)/include",
					"$(WorkspaceDir)/port/_",
					"$(WorkspaceDir)/port/include",
					"$(PROJECT_DIR)",
					"$(PROJECT_DIR)/..",
					"$(PROJECT_DIR)/../..",
					"$(HOME)/sensitive/sensitive/include",
				);
				USE_HEADERMAP = NO;
				WorkspaceDir = "$(SRCROOT)/../../../..";
			};
			name = Debug;
		};
		9A5752CF16AAE1D3000CC4EF /* Release */ = {
			isa = XCBuildConfiguration;
			baseConfigurationReference = 9A50CC822B6CA93900FDB101 /* _____release.xcconfig */;
			buildSettings = {
				ALWAYS_SEARCH_USER_PATHS = NO;
				CLANG_ANALYZER_LOCALIZABILITY_NONLOCALIZED = YES;
				CLANG_CXX_LANGUAGE_STANDARD = "c++20";
				CLANG_ENABLE_MODULE_DEBUGGING = NO;
				CLANG_WARN_BLOCK_CAPTURE_AUTORELEASING = YES;
				CLANG_WARN_BOOL_CONVERSION = YES;
				CLANG_WARN_COMMA = YES;
				CLANG_WARN_CONSTANT_CONVERSION = YES;
				CLANG_WARN_DEPRECATED_OBJC_IMPLEMENTATIONS = YES;
				CLANG_WARN_EMPTY_BODY = YES;
				CLANG_WARN_ENUM_CONVERSION = YES;
				CLANG_WARN_INFINITE_RECURSION = YES;
				CLANG_WARN_INT_CONVERSION = YES;
				CLANG_WARN_NON_LITERAL_NULL_CONVERSION = YES;
				CLANG_WARN_OBJC_IMPLICIT_RETAIN_SELF = YES;
				CLANG_WARN_OBJC_LITERAL_CONVERSION = YES;
				CLANG_WARN_QUOTED_INCLUDE_IN_FRAMEWORK_HEADER = YES;
				CLANG_WARN_RANGE_LOOP_ANALYSIS = YES;
				CLANG_WARN_STRICT_PROTOTYPES = YES;
				CLANG_WARN_SUSPICIOUS_MOVE = YES;
				CLANG_WARN_UNREACHABLE_CODE = YES;
				CLANG_WARN__DUPLICATE_METHOD_MATCH = YES;
				CODE_SIGN_IDENTITY = "iPhone Developer";
				COPY_PHASE_STRIP = NO;
				DEAD_CODE_STRIPPING = YES;
				DEBUG_INFORMATION_FORMAT = "dwarf-with-dsym";
				DEPLOYMENT_POSTPROCESSING = YES;
				ENABLE_STRICT_OBJC_MSGSEND = YES;
				ENABLE_USER_SCRIPT_SANDBOXING = YES;
				GCC_C_LANGUAGE_STANDARD = c17;
				GCC_NO_COMMON_BLOCKS = YES;
				GCC_WARN_64_TO_32_BIT_CONVERSION = YES;
				GCC_WARN_ABOUT_RETURN_TYPE = YES;
				GCC_WARN_UNDECLARED_SELECTOR = YES;
				GCC_WARN_UNINITIALIZED_AUTOS = YES;
				GCC_WARN_UNUSED_FUNCTION = YES;
				GCC_WARN_UNUSED_VARIABLE = YES;
				HEADER_SEARCH_PATHS = "";
				LD_RUNPATH_SEARCH_PATHS = "@executable_path";
				LIBRARY_SEARCH_PATHS = (
					"$(inherited)",
					"$(WorkspaceDir)/operating_system",
					"$(WorkspaceDir)/../operating_system/storage-$(PLATFORM_MODIFIER)/$(ARCHS)/library",
				);
				PRODUCT_NAME = "$(TARGET_NAME)";
				SDKROOT = iphoneos;
				SUPPORTED_PLATFORMS = "iphonesimulator iphoneos";
				SYSTEM_HEADER_SEARCH_PATHS = (
					"$(WorkspaceDir)/operating_system",
					"$(WorkspaceDir)/operating_system/operating_system-$(PLATFORM_MODIFIER)",
					"$(WorkspaceDir)/operating_system/operating_system-$(PLATFORM_MODIFIER)/include/configuration_selection/$(CONFIGURATION)",
					"$(WorkspaceDir)/operating_system/operating_system-$(PLATFORM_MODIFIER)/include",
					"$(WorkspaceDir)/port/_",
					"$(WorkspaceDir)/port/include",
					"$(WorkspaceDir)/source/app",
				);
				TARGETED_DEVICE_FAMILY = "1,2";
				USER_HEADER_SEARCH_PATHS = (
					.,
					"$(WorkspaceDir)/source",
					"$(WorkspaceDir)/source/include",
					"$(WorkspaceDir)/source/app",
					"$(WorkspaceDir)/source/app/include",
					"$(WorkspaceDir)/operating_system",
					"$(WorkspaceDir)/operating_system/operating_system-$(PLATFORM_MODIFIER)",
					"$(WorkspaceDir)/operating_system/operating_system-$(PLATFORM_MODIFIER)/include/configuration_selection/$(CONFIGURATION)",
					"$(WorkspaceDir)/operating_system/operating_system-$(PLATFORM_MODIFIER)/include",
					"$(WorkspaceDir)/port/_",
					"$(WorkspaceDir)/port/include",
					"$(PROJECT_DIR)",
					"$(PROJECT_DIR)/..",
					"$(PROJECT_DIR)/../..",
					"$(HOME)/sensitive/sensitive/include",
				);
				USE_HEADERMAP = NO;
				VALIDATE_PRODUCT = YES;
				WorkspaceDir = "$(SRCROOT)/../../../..";
			};
			name = Release;
		};
/* End XCBuildConfiguration section */

/* Begin XCConfigurationList section */
		078C35741921758600354453 /* Build configuration list for PBXNativeTarget "_ios_ca2_lowluds_ai_form" */ = {
			isa = XCConfigurationList;
			buildConfigurations = (
				078C35531921758600354453 /* Debug */,
				078C35541921758600354453 /* Release */,
			);
			defaultConfigurationIsVisible = 0;
			defaultConfigurationName = Release;
		};
		078C35751921758600354453 /* Build configuration list for PBXNativeTarget "ios_simple_form_simple_formTests" */ = {
			isa = XCConfigurationList;
			buildConfigurations = (
				078C35551921758600354453 /* Debug */,
				078C35561921758600354453 /* Release */,
			);
			defaultConfigurationIsVisible = 0;
			defaultConfigurationName = Release;
		};
		9A5752AC16AAE1D2000CC4EF /* Build configuration list for PBXProject "_ios_ca2_lowluds_ai_form" */ = {
			isa = XCConfigurationList;
			buildConfigurations = (
				9A5752CE16AAE1D3000CC4EF /* Debug */,
				9A5752CF16AAE1D3000CC4EF /* Release */,
			);
			defaultConfigurationIsVisible = 0;
			defaultConfigurationName = Release;
		};
/* End XCConfigurationList section */
	};
	rootObject = 9A5752A916AAE1D2000CC4EF /* Project object */;
}
