// !$*UTF8*$!
{
	archiveVersion = 1;
	classes = {
	};
	objectVersion = 54;
	objects = {

/* Begin PBXBuildFile section */
		07B65520190F3001002DAADE /* framework.cpp in Sources */ = {isa = PBXBuildFile; fileRef = 9AEB75BE16F78E600085103B /* framework.cpp */; };
		9A258BDA24DA5E460013F50E /* tab_impact.h in Headers */ = {isa = PBXBuildFile; fileRef = 9A258BD824DA5E460013F50E /* tab_impact.h */; };
		9A258BDB24DA5E460013F50E /* tab_impact.cpp in Sources */ = {isa = PBXBuildFile; fileRef = 9A258BD924DA5E460013F50E /* tab_impact.cpp */; };
		9A39EA60243364EB000FECDA /* application.cpp in Sources */ = {isa = PBXBuildFile; fileRef = 9A39EA47243364EA000FECDA /* application.cpp */; };
		9A39EA62243364EC000FECDA /* document.cpp in Sources */ = {isa = PBXBuildFile; fileRef = 9A39EA49243364EA000FECDA /* document.cpp */; };
		9A39EA63243364EC000FECDA /* document.h in Headers */ = {isa = PBXBuildFile; fileRef = 9A39EA4A243364EA000FECDA /* document.h */; };
		9A39EA65243364EC000FECDA /* impact.h in Headers */ = {isa = PBXBuildFile; fileRef = 9A39EA4C243364EA000FECDA /* impact.h */; };
		9A39EA66243364EC000FECDA /* main_impact.cpp in Sources */ = {isa = PBXBuildFile; fileRef = 9A39EA4D243364EA000FECDA /* main_impact.cpp */; };
		9A39EA6B243364EC000FECDA /* frame.h in Headers */ = {isa = PBXBuildFile; fileRef = 9A39EA52243364EB000FECDA /* frame.h */; };
		9A39EA6C243364EC000FECDA /* frame.cpp in Sources */ = {isa = PBXBuildFile; fileRef = 9A39EA53243364EB000FECDA /* frame.cpp */; };
		9A39EA6E243364EC000FECDA /* _.h in Headers */ = {isa = PBXBuildFile; fileRef = 9A39EA55243364EB000FECDA /* _.h */; };
		9A39EA71243364EC000FECDA /* application.h in Headers */ = {isa = PBXBuildFile; fileRef = 9A39EA58243364EB000FECDA /* application.h */; };
		9A39EA72243364EC000FECDA /* main_frame.h in Headers */ = {isa = PBXBuildFile; fileRef = 9A39EA59243364EB000FECDA /* main_frame.h */; };
		9A39EA73243364EC000FECDA /* main_frame.cpp in Sources */ = {isa = PBXBuildFile; fileRef = 9A39EA5A243364EB000FECDA /* main_frame.cpp */; };
		9A39EA76243364EC000FECDA /* impact.cpp in Sources */ = {isa = PBXBuildFile; fileRef = 9A39EA5D243364EB000FECDA /* impact.cpp */; };
		9A39EA77243364EC000FECDA /* main_impact.h in Headers */ = {isa = PBXBuildFile; fileRef = 9A39EA5E243364EB000FECDA /* main_impact.h */; };
		9A39EA7C24336531000FECDA /* wiosapp_core_beatmapperTests.m in Sources */ = {isa = PBXBuildFile; fileRef = 9A39EA7A2433652A000FECDA /* wiosapp_core_beatmapperTests.m */; };
		9A415C122473939C00EF2BCD /* application.cpp in Sources */ = {isa = PBXBuildFile; fileRef = 9A39EA47243364EA000FECDA /* application.cpp */; };
		9A415C132473939C00EF2BCD /* document.cpp in Sources */ = {isa = PBXBuildFile; fileRef = 9A39EA49243364EA000FECDA /* document.cpp */; };
		9A415C142473939C00EF2BCD /* frame.cpp in Sources */ = {isa = PBXBuildFile; fileRef = 9A39EA53243364EB000FECDA /* frame.cpp */; };
		9A415C152473939C00EF2BCD /* main_frame.cpp in Sources */ = {isa = PBXBuildFile; fileRef = 9A39EA5A243364EB000FECDA /* main_frame.cpp */; };
		9A415C162473939C00EF2BCD /* main_impact.cpp in Sources */ = {isa = PBXBuildFile; fileRef = 9A39EA4D243364EA000FECDA /* main_impact.cpp */; };
		9A415C192473939C00EF2BCD /* impact.cpp in Sources */ = {isa = PBXBuildFile; fileRef = 9A39EA5D243364EB000FECDA /* impact.cpp */; };
		9A42D78526657DF20011645D /* libbase.dylib in Frameworks */ = {isa = PBXBuildFile; fileRef = 9A833C1A24F573DD00C079FB /* libbase.dylib */; };
		9A42D7EB2665A4EB0011645D /* libacme.dylib in Frameworks */ = {isa = PBXBuildFile; fileRef = 9A42D7EA2665A4EB0011645D /* libacme.dylib */; };
		9A42D7ED2665A4EB0011645D /* libapex.dylib in Frameworks */ = {isa = PBXBuildFile; fileRef = 9A42D7EC2665A4EB0011645D /* libapex.dylib */; };
		9A42D7EF2665A4EB0011645D /* libaqua.dylib in Frameworks */ = {isa = PBXBuildFile; fileRef = 9A42D7EE2665A4EB0011645D /* libaqua.dylib */; };
		9A42D7F12665A4EB0011645D /* libaura.dylib in Frameworks */ = {isa = PBXBuildFile; fileRef = 9A42D7F02665A4EB0011645D /* libaura.dylib */; };
		9A42D7F32665A55C0011645D /* libaxis.dylib in Frameworks */ = {isa = PBXBuildFile; fileRef = 9A42D7F22665A55C0011645D /* libaxis.dylib */; };
		9A4EF4B62AE35F180048F22F /* _.cpp in Sources */ = {isa = PBXBuildFile; fileRef = 9A4EF4B52AE35F130048F22F /* _.cpp */; };
		9A50CE002B6CB95800FDB101 /* _.cpp in Sources */ = {isa = PBXBuildFile; fileRef = 9A4EF4B52AE35F130048F22F /* _.cpp */; };
		9AA203B92847FF4700A747A1 /* form_001.cpp in Sources */ = {isa = PBXBuildFile; fileRef = 9AC01EB12748E273006BEBCC /* form_001.cpp */; };
		9AA203BA2847FF4B00A747A1 /* form_002.cpp in Sources */ = {isa = PBXBuildFile; fileRef = 9AC01EB42748E274006BEBCC /* form_002.cpp */; };
		9AA203BB2847FF4F00A747A1 /* form.cpp in Sources */ = {isa = PBXBuildFile; fileRef = 9AC01EB22748E273006BEBCC /* form.cpp */; };
		9AA203BC2847FF5E00A747A1 /* tab_impact.cpp in Sources */ = {isa = PBXBuildFile; fileRef = 9A258BD924DA5E460013F50E /* tab_impact.cpp */; };
		9AC01EB52748E274006BEBCC /* form_002.h in Headers */ = {isa = PBXBuildFile; fileRef = 9AC01EAF2748E273006BEBCC /* form_002.h */; };
		9AC01EB62748E274006BEBCC /* form_001.h in Headers */ = {isa = PBXBuildFile; fileRef = 9AC01EB02748E273006BEBCC /* form_001.h */; };
		9AC01EB72748E274006BEBCC /* form_001.cpp in Sources */ = {isa = PBXBuildFile; fileRef = 9AC01EB12748E273006BEBCC /* form_001.cpp */; };
		9AC01EB82748E274006BEBCC /* form.cpp in Sources */ = {isa = PBXBuildFile; fileRef = 9AC01EB22748E273006BEBCC /* form.cpp */; };
		9AC01EB92748E274006BEBCC /* form.h in Headers */ = {isa = PBXBuildFile; fileRef = 9AC01EB32748E274006BEBCC /* form.h */; };
		9AC01EBA2748E274006BEBCC /* form_002.cpp in Sources */ = {isa = PBXBuildFile; fileRef = 9AC01EB42748E274006BEBCC /* form_002.cpp */; };
		9AE24EA11904CFFD001AEFFB /* libios_ca2_lowluds_ai_form.a in Frameworks */ = {isa = PBXBuildFile; fileRef = 9AE24E8A1904CFFD001AEFFB /* libios_ca2_lowluds_ai_form.a */; };
		9AE24EA71904CFFD001AEFFB /* InfoPlist.strings in Resources */ = {isa = PBXBuildFile; fileRef = 9AE24EA51904CFFD001AEFFB /* InfoPlist.strings */; };
		9AEB75DD16F78E600085103B /* framework.cpp in Sources */ = {isa = PBXBuildFile; fileRef = 9AEB75BE16F78E600085103B /* framework.cpp */; };
		9AEB75DE16F78E600085103B /* framework.h in Headers */ = {isa = PBXBuildFile; fileRef = 9AEB75BF16F78E600085103B /* framework.h */; };
/* End PBXBuildFile section */

/* Begin PBXContainerItemProxy section */
		9A42D77926657DCA0011645D /* PBXContainerItemProxy */ = {
			isa = PBXContainerItemProxy;
			containerPortal = 9A833C1524F573DD00C079FB /* base.xcodeproj */;
			proxyType = 1;
			remoteGlobalIDString = 9AD117F224F51BE400177261;
			remoteInfo = base;
		};
		9A833C1924F573DD00C079FB /* PBXContainerItemProxy */ = {
			isa = PBXContainerItemProxy;
			containerPortal = 9A833C1524F573DD00C079FB /* base.xcodeproj */;
			proxyType = 2;
			remoteGlobalIDString = 9AD117F324F51BE400177261;
			remoteInfo = base;
		};
		9AA2F4892847E11200A747A1 /* PBXContainerItemProxy */ = {
			isa = PBXContainerItemProxy;
			containerPortal = 9A833C1524F573DD00C079FB /* base.xcodeproj */;
			proxyType = 2;
			remoteGlobalIDString = 9A93B6FA2846EB33005ACD11;
			remoteInfo = ios_base;
		};
		9AA2F5DF2847E46400A747A1 /* PBXContainerItemProxy */ = {
			isa = PBXContainerItemProxy;
			containerPortal = 9A833C1524F573DD00C079FB /* base.xcodeproj */;
			proxyType = 1;
			remoteGlobalIDString = 9A93B6992846EB33005ACD11;
			remoteInfo = ios_base;
		};
		9AE24E9F1904CFFD001AEFFB /* PBXContainerItemProxy */ = {
			isa = PBXContainerItemProxy;
			containerPortal = 9AEB759B16F78DF10085103B /* Project object */;
			proxyType = 1;
			remoteGlobalIDString = 9AE24E891904CFFD001AEFFB;
			remoteInfo = app_core_hellomultiverse_ios;
		};
/* End PBXContainerItemProxy section */

/* Begin PBXFileReference section */
		9A258BD824DA5E460013F50E /* tab_impact.h */ = {isa = PBXFileReference; fileEncoding = 4; lastKnownFileType = sourcecode.c.h; path = tab_impact.h; sourceTree = "<group>"; };
		9A258BD924DA5E460013F50E /* tab_impact.cpp */ = {isa = PBXFileReference; fileEncoding = 4; lastKnownFileType = sourcecode.cpp.cpp; path = tab_impact.cpp; sourceTree = "<group>"; };
		9A39EA47243364EA000FECDA /* application.cpp */ = {isa = PBXFileReference; fileEncoding = 4; lastKnownFileType = sourcecode.cpp.cpp; path = application.cpp; sourceTree = "<group>"; };
		9A39EA49243364EA000FECDA /* document.cpp */ = {isa = PBXFileReference; fileEncoding = 4; lastKnownFileType = sourcecode.cpp.cpp; path = document.cpp; sourceTree = "<group>"; };
		9A39EA4A243364EA000FECDA /* document.h */ = {isa = PBXFileReference; fileEncoding = 4; lastKnownFileType = sourcecode.c.h; path = document.h; sourceTree = "<group>"; };
		9A39EA4C243364EA000FECDA /* impact.h */ = {isa = PBXFileReference; fileEncoding = 4; lastKnownFileType = sourcecode.c.h; path = impact.h; sourceTree = "<group>"; };
		9A39EA4D243364EA000FECDA /* main_impact.cpp */ = {isa = PBXFileReference; fileEncoding = 4; lastKnownFileType = sourcecode.cpp.cpp; path = main_impact.cpp; sourceTree = "<group>"; };
		9A39EA52243364EB000FECDA /* frame.h */ = {isa = PBXFileReference; fileEncoding = 4; lastKnownFileType = sourcecode.c.h; path = frame.h; sourceTree = "<group>"; };
		9A39EA53243364EB000FECDA /* frame.cpp */ = {isa = PBXFileReference; fileEncoding = 4; lastKnownFileType = sourcecode.cpp.cpp; path = frame.cpp; sourceTree = "<group>"; };
		9A39EA55243364EB000FECDA /* _.h */ = {isa = PBXFileReference; fileEncoding = 4; lastKnownFileType = sourcecode.c.h; path = _.h; sourceTree = "<group>"; };
		9A39EA58243364EB000FECDA /* application.h */ = {isa = PBXFileReference; fileEncoding = 4; lastKnownFileType = sourcecode.c.h; path = application.h; sourceTree = "<group>"; };
		9A39EA59243364EB000FECDA /* main_frame.h */ = {isa = PBXFileReference; fileEncoding = 4; lastKnownFileType = sourcecode.c.h; path = main_frame.h; sourceTree = "<group>"; };
		9A39EA5A243364EB000FECDA /* main_frame.cpp */ = {isa = PBXFileReference; fileEncoding = 4; lastKnownFileType = sourcecode.cpp.cpp; path = main_frame.cpp; sourceTree = "<group>"; };
		9A39EA5D243364EB000FECDA /* impact.cpp */ = {isa = PBXFileReference; fileEncoding = 4; lastKnownFileType = sourcecode.cpp.cpp; path = impact.cpp; sourceTree = "<group>"; };
		9A39EA5E243364EB000FECDA /* main_impact.h */ = {isa = PBXFileReference; fileEncoding = 4; lastKnownFileType = sourcecode.c.h; path = main_impact.h; sourceTree = "<group>"; };
		9A39EA7A2433652A000FECDA /* wiosapp_core_beatmapperTests.m */ = {isa = PBXFileReference; fileEncoding = 4; lastKnownFileType = sourcecode.c.objc; name = wiosapp_core_beatmapperTests.m; path = wiosapp_core_simple_formTests/wiosapp_core_beatmapperTests.m; sourceTree = SOURCE_ROOT; };
		9A42D7EA2665A4EB0011645D /* libacme.dylib */ = {isa = PBXFileReference; explicitFileType = "compiled.mach-o.dylib"; path = libacme.dylib; sourceTree = BUILT_PRODUCTS_DIR; };
		9A42D7EC2665A4EB0011645D /* libapex.dylib */ = {isa = PBXFileReference; explicitFileType = "compiled.mach-o.dylib"; path = libapex.dylib; sourceTree = BUILT_PRODUCTS_DIR; };
		9A42D7EE2665A4EB0011645D /* libaqua.dylib */ = {isa = PBXFileReference; explicitFileType = "compiled.mach-o.dylib"; path = libaqua.dylib; sourceTree = BUILT_PRODUCTS_DIR; };
		9A42D7F02665A4EB0011645D /* libaura.dylib */ = {isa = PBXFileReference; explicitFileType = "compiled.mach-o.dylib"; path = libaura.dylib; sourceTree = BUILT_PRODUCTS_DIR; };
		9A42D7F22665A55C0011645D /* libaxis.dylib */ = {isa = PBXFileReference; explicitFileType = "compiled.mach-o.dylib"; path = libaxis.dylib; sourceTree = BUILT_PRODUCTS_DIR; };
		9A4EF4B52AE35F130048F22F /* _.cpp */ = {isa = PBXFileReference; fileEncoding = 4; lastKnownFileType = sourcecode.cpp.cpp; path = _.cpp; sourceTree = "<group>"; };
		9A5498842A2D4CAB0052BAB6 /* _____release.xcconfig */ = {isa = PBXFileReference; fileEncoding = 4; lastKnownFileType = text.xcconfig; path = "_____release.xcconfig"; sourceTree = "<group>"; };
		9A5498852A2D4CAB0052BAB6 /* _____debug.xcconfig */ = {isa = PBXFileReference; fileEncoding = 4; lastKnownFileType = text.xcconfig; path = "_____debug.xcconfig"; sourceTree = "<group>"; };
		9A833C1524F573DD00C079FB /* base.xcodeproj */ = {isa = PBXFileReference; lastKnownFileType = "wrapper.pb-project"; name = base.xcodeproj; path = ../../app/base/base.xcodeproj; sourceTree = SOURCE_ROOT; };
		9AC01EAF2748E273006BEBCC /* form_002.h */ = {isa = PBXFileReference; fileEncoding = 4; lastKnownFileType = sourcecode.c.h; path = form_002.h; sourceTree = "<group>"; };
		9AC01EB02748E273006BEBCC /* form_001.h */ = {isa = PBXFileReference; fileEncoding = 4; lastKnownFileType = sourcecode.c.h; path = form_001.h; sourceTree = "<group>"; };
		9AC01EB12748E273006BEBCC /* form_001.cpp */ = {isa = PBXFileReference; fileEncoding = 4; lastKnownFileType = sourcecode.cpp.cpp; path = form_001.cpp; sourceTree = "<group>"; };
		9AC01EB22748E273006BEBCC /* form.cpp */ = {isa = PBXFileReference; fileEncoding = 4; lastKnownFileType = sourcecode.cpp.cpp; path = form.cpp; sourceTree = "<group>"; };
		9AC01EB32748E274006BEBCC /* form.h */ = {isa = PBXFileReference; fileEncoding = 4; lastKnownFileType = sourcecode.c.h; path = form.h; sourceTree = "<group>"; };
		9AC01EB42748E274006BEBCC /* form_002.cpp */ = {isa = PBXFileReference; fileEncoding = 4; lastKnownFileType = sourcecode.cpp.cpp; path = form_002.cpp; sourceTree = "<group>"; };
		9AE24E8A1904CFFD001AEFFB /* libios_ca2_lowluds_ai_form.a */ = {isa = PBXFileReference; explicitFileType = archive.ar; includeInIndex = 0; path = libios_ca2_lowluds_ai_form.a; sourceTree = BUILT_PRODUCTS_DIR; };
		9AE24E991904CFFD001AEFFB /* app_core_hellomultiverse_iosTests.xctest */ = {isa = PBXFileReference; explicitFileType = wrapper.cfbundle; includeInIndex = 0; path = app_core_hellomultiverse_iosTests.xctest; sourceTree = BUILT_PRODUCTS_DIR; };
		9AE24EA41904CFFD001AEFFB /* app_core_hellomultiverse_iosTests-Info.plist */ = {isa = PBXFileReference; lastKnownFileType = text.plist.xml; path = "app_core_hellomultiverse_iosTests-Info.plist"; sourceTree = "<group>"; };
		9AE24EA61904CFFD001AEFFB /* en */ = {isa = PBXFileReference; lastKnownFileType = text.plist.strings; name = en; path = en.lproj/InfoPlist.strings; sourceTree = "<group>"; };
		9AEB75A316F78DF10085103B /* libca2_lowluds_ai_form.dylib */ = {isa = PBXFileReference; explicitFileType = "compiled.mach-o.dylib"; includeInIndex = 0; path = libca2_lowluds_ai_form.dylib; sourceTree = BUILT_PRODUCTS_DIR; };
		9AEB75BE16F78E600085103B /* framework.cpp */ = {isa = PBXFileReference; fileEncoding = 4; lastKnownFileType = sourcecode.cpp.cpp; path = framework.cpp; sourceTree = "<group>"; };
		9AEB75BF16F78E600085103B /* framework.h */ = {isa = PBXFileReference; fileEncoding = 4; lastKnownFileType = sourcecode.c.h; path = framework.h; sourceTree = "<group>"; };
/* End PBXFileReference section */

/* Begin PBXFrameworksBuildPhase section */
		9AE24E961904CFFD001AEFFB /* Frameworks */ = {
			isa = PBXFrameworksBuildPhase;
			buildActionMask = 2147483647;
			files = (
				9AE24EA11904CFFD001AEFFB /* libios_ca2_lowluds_ai_form.a in Frameworks */,
			);
			runOnlyForDeploymentPostprocessing = 0;
		};
		9AEB75A016F78DF10085103B /* Frameworks */ = {
			isa = PBXFrameworksBuildPhase;
			buildActionMask = 2147483647;
			files = (
				9A42D7EB2665A4EB0011645D /* libacme.dylib in Frameworks */,
				9A42D7ED2665A4EB0011645D /* libapex.dylib in Frameworks */,
				9A42D7EF2665A4EB0011645D /* libaqua.dylib in Frameworks */,
				9A42D7F12665A4EB0011645D /* libaura.dylib in Frameworks */,
				9A42D7F32665A55C0011645D /* libaxis.dylib in Frameworks */,
				9A42D78526657DF20011645D /* libbase.dylib in Frameworks */,
			);
			runOnlyForDeploymentPostprocessing = 0;
		};
/* End PBXFrameworksBuildPhase section */

/* Begin PBXGroup section */
		9A833C1624F573DD00C079FB /* Products */ = {
			isa = PBXGroup;
			children = (
				9A833C1A24F573DD00C079FB /* libbase.dylib */,
				9AA2F48A2847E11200A747A1 /* libios_base.a */,
			);
			name = Products;
			sourceTree = "<group>";
		};
		9A920FD61F3BF68400CD9D94 /* Frameworks */ = {
			isa = PBXGroup;
			children = (
				9A42D7F22665A55C0011645D /* libaxis.dylib */,
				9A42D7EA2665A4EB0011645D /* libacme.dylib */,
				9A42D7EC2665A4EB0011645D /* libapex.dylib */,
				9A42D7EE2665A4EB0011645D /* libaqua.dylib */,
				9A42D7F02665A4EB0011645D /* libaura.dylib */,
			);
			name = Frameworks;
			sourceTree = "<group>";
		};
		9AE24EA21904CFFD001AEFFB /* app_core_hellomultiverse_iosTests */ = {
			isa = PBXGroup;
			children = (
				9A39EA7A2433652A000FECDA /* wiosapp_core_beatmapperTests.m */,
				9AE24EA31904CFFD001AEFFB /* Supporting Files */,
			);
			path = app_core_hellomultiverse_iosTests;
			sourceTree = "<group>";
		};
		9AE24EA31904CFFD001AEFFB /* Supporting Files */ = {
			isa = PBXGroup;
			children = (
				9AE24EA41904CFFD001AEFFB /* app_core_hellomultiverse_iosTests-Info.plist */,
				9AE24EA51904CFFD001AEFFB /* InfoPlist.strings */,
			);
			name = "Supporting Files";
			sourceTree = "<group>";
		};
		9AEB759A16F78DF10085103B = {
			isa = PBXGroup;
			children = (
				9A833C1524F573DD00C079FB /* base.xcodeproj */,
				9AEB75AA16F78E600085103B /* simple_form */,
				9AE24EA21904CFFD001AEFFB /* app_core_hellomultiverse_iosTests */,
				9AEB75A416F78DF10085103B /* Products */,
				9A920FD61F3BF68400CD9D94 /* Frameworks */,
			);
			sourceTree = "<group>";
		};
		9AEB75A416F78DF10085103B /* Products */ = {
			isa = PBXGroup;
			children = (
				9AEB75A316F78DF10085103B /* libca2_lowluds_ai_form.dylib */,
				9AE24E8A1904CFFD001AEFFB /* libios_ca2_lowluds_ai_form.a */,
				9AE24E991904CFFD001AEFFB /* app_core_hellomultiverse_iosTests.xctest */,
			);
			name = Products;
			sourceTree = "<group>";
		};
		9AEB75AA16F78E600085103B /* simple_form */ = {
			isa = PBXGroup;
			children = (
				9A4EF4B52AE35F130048F22F /* _.cpp */,
				9A5498852A2D4CAB0052BAB6 /* _____debug.xcconfig */,
				9A5498842A2D4CAB0052BAB6 /* _____release.xcconfig */,
				9AC01EB12748E273006BEBCC /* form_001.cpp */,
				9AC01EB02748E273006BEBCC /* form_001.h */,
				9AC01EB42748E274006BEBCC /* form_002.cpp */,
				9AC01EAF2748E273006BEBCC /* form_002.h */,
				9AC01EB22748E273006BEBCC /* form.cpp */,
				9AC01EB32748E274006BEBCC /* form.h */,
				9A39EA55243364EB000FECDA /* _.h */,
				9A39EA47243364EA000FECDA /* application.cpp */,
				9A39EA58243364EB000FECDA /* application.h */,
				9A39EA49243364EA000FECDA /* document.cpp */,
				9A39EA4A243364EA000FECDA /* document.h */,
				9A39EA53243364EB000FECDA /* frame.cpp */,
				9A39EA52243364EB000FECDA /* frame.h */,
				9AEB75BE16F78E600085103B /* framework.cpp */,
				9AEB75BF16F78E600085103B /* framework.h */,
				9A39EA5A243364EB000FECDA /* main_frame.cpp */,
				9A39EA59243364EB000FECDA /* main_frame.h */,
				9A39EA4D243364EA000FECDA /* main_impact.cpp */,
				9A39EA5E243364EB000FECDA /* main_impact.h */,
				9A258BD924DA5E460013F50E /* tab_impact.cpp */,
				9A258BD824DA5E460013F50E /* tab_impact.h */,
				9A39EA5D243364EB000FECDA /* impact.cpp */,
				9A39EA4C243364EA000FECDA /* impact.h */,
			);
			name = simple_form;
			sourceTree = "<group>";
		};
/* End PBXGroup section */

/* Begin PBXHeadersBuildPhase section */
		9AEB75A116F78DF10085103B /* Headers */ = {
			isa = PBXHeadersBuildPhase;
			buildActionMask = 2147483647;
			files = (
				9A39EA6E243364EC000FECDA /* _.h in Headers */,
				9A39EA6B243364EC000FECDA /* frame.h in Headers */,
				9AEB75DE16F78E600085103B /* framework.h in Headers */,
				9AC01EB52748E274006BEBCC /* form_002.h in Headers */,
				9AC01EB92748E274006BEBCC /* form.h in Headers */,
				9A39EA63243364EC000FECDA /* document.h in Headers */,
				9A258BDA24DA5E460013F50E /* tab_impact.h in Headers */,
				9A39EA65243364EC000FECDA /* impact.h in Headers */,
				9A39EA71243364EC000FECDA /* application.h in Headers */,
				9AC01EB62748E274006BEBCC /* form_001.h in Headers */,
				9A39EA77243364EC000FECDA /* main_impact.h in Headers */,
				9A39EA72243364EC000FECDA /* main_frame.h in Headers */,
			);
			runOnlyForDeploymentPostprocessing = 0;
		};
/* End PBXHeadersBuildPhase section */

/* Begin PBXNativeTarget section */
		9AE24E891904CFFD001AEFFB /* ios_ca2_lowluds_ai_form */ = {
			isa = PBXNativeTarget;
			buildConfigurationList = 9AE24EBA1904CFFD001AEFFB /* Build configuration list for PBXNativeTarget "ios_ca2_lowluds_ai_form" */;
			buildPhases = (
				9AE24E861904CFFD001AEFFB /* Sources */,
			);
			buildRules = (
			);
			dependencies = (
				9AA2F5E02847E46400A747A1 /* PBXTargetDependency */,
			);
			name = ios_ca2_lowluds_ai_form;
			productName = app_core_hellomultiverse_ios;
			productReference = 9AE24E8A1904CFFD001AEFFB /* libios_ca2_lowluds_ai_form.a */;
			productType = "com.apple.product-type.library.static";
		};
		9AE24E981904CFFD001AEFFB /* app_core_hellomultiverse_iosTests */ = {
			isa = PBXNativeTarget;
			buildConfigurationList = 9AE24EBB1904CFFD001AEFFB /* Build configuration list for PBXNativeTarget "app_core_hellomultiverse_iosTests" */;
			buildPhases = (
				9AE24E951904CFFD001AEFFB /* Sources */,
				9AE24E961904CFFD001AEFFB /* Frameworks */,
				9AE24E971904CFFD001AEFFB /* Resources */,
			);
			buildRules = (
			);
			dependencies = (
				9AE24EA01904CFFD001AEFFB /* PBXTargetDependency */,
			);
			name = app_core_hellomultiverse_iosTests;
			productName = app_core_hellomultiverse_iosTests;
			productReference = 9AE24E991904CFFD001AEFFB /* app_core_hellomultiverse_iosTests.xctest */;
			productType = "com.apple.product-type.bundle.unit-test";
		};
		9AEB75A216F78DF10085103B /* ca2_lowluds_ai_form */ = {
			isa = PBXNativeTarget;
			buildConfigurationList = 9AEB75A716F78DF10085103B /* Build configuration list for PBXNativeTarget "ca2_lowluds_ai_form" */;
			buildPhases = (
				9AEB75A116F78DF10085103B /* Headers */,
				9AEB759F16F78DF10085103B /* Sources */,
				9AEB75A016F78DF10085103B /* Frameworks */,
				9AE2420C2D6DCC0200502593 /* ShellScript */,
			);
			buildRules = (
			);
			dependencies = (
				9A42D77A26657DCA0011645D /* PBXTargetDependency */,
			);
			name = ca2_lowluds_ai_form;
			productName = app_core_hellomultiverse;
			productReference = 9AEB75A316F78DF10085103B /* libca2_lowluds_ai_form.dylib */;
			productType = "com.apple.product-type.library.dynamic";
		};
/* End PBXNativeTarget section */

/* Begin PBXProject section */
		9AEB759B16F78DF10085103B /* Project object */ = {
			isa = PBXProject;
			attributes = {
				BuildIndependentTargetsInParallel = YES;
				LastUpgradeCheck = 1540;
				ORGANIZATIONNAME = "ca2 Software Development";
				TargetAttributes = {
					9AE24E981904CFFD001AEFFB = {
						TestTargetID = 9AEB75A216F78DF10085103B;
					};
				};
			};
			buildConfigurationList = 9AEB759E16F78DF10085103B /* Build configuration list for PBXProject "ca2_lowluds_ai_form" */;
			compatibilityVersion = "Xcode 12.0";
			developmentRegion = en;
			hasScannedForEncodings = 0;
			knownRegions = (
				en,
				Base,
			);
			mainGroup = 9AEB759A16F78DF10085103B;
			productRefGroup = 9AEB75A416F78DF10085103B /* Products */;
			projectDirPath = "";
			projectReferences = (
				{
					ProductGroup = 9A833C1624F573DD00C079FB /* Products */;
					ProjectRef = 9A833C1524F573DD00C079FB /* base.xcodeproj */;
				},
			);
			projectRoot = "";
			targets = (
				9AEB75A216F78DF10085103B /* ca2_lowluds_ai_form */,
				9AE24E891904CFFD001AEFFB /* ios_ca2_lowluds_ai_form */,
				9AE24E981904CFFD001AEFFB /* app_core_hellomultiverse_iosTests */,
			);
		};
/* End PBXProject section */

/* Begin PBXReferenceProxy section */
		9A833C1A24F573DD00C079FB /* libbase.dylib */ = {
			isa = PBXReferenceProxy;
			fileType = "compiled.mach-o.dylib";
			path = libbase.dylib;
			remoteRef = 9A833C1924F573DD00C079FB /* PBXContainerItemProxy */;
			sourceTree = BUILT_PRODUCTS_DIR;
		};
		9AA2F48A2847E11200A747A1 /* libios_base.a */ = {
			isa = PBXReferenceProxy;
			fileType = "compiled.mach-o.dylib";
			path = libios_base.a;
			remoteRef = 9AA2F4892847E11200A747A1 /* PBXContainerItemProxy */;
			sourceTree = BUILT_PRODUCTS_DIR;
		};
/* End PBXReferenceProxy section */

/* Begin PBXResourcesBuildPhase section */
		9AE24E971904CFFD001AEFFB /* Resources */ = {
			isa = PBXResourcesBuildPhase;
			buildActionMask = 2147483647;
			files = (
				9AE24EA71904CFFD001AEFFB /* InfoPlist.strings in Resources */,
			);
			runOnlyForDeploymentPostprocessing = 0;
		};
/* End PBXResourcesBuildPhase section */

/* Begin PBXShellScriptBuildPhase section */
		9AE2420C2D6DCC0200502593 /* ShellScript */ = {
			isa = PBXShellScriptBuildPhase;
			buildActionMask = 2147483647;
			files = (
			);
			inputFileListPaths = (
			);
			inputPaths = (
				"$(BUILT_PRODUCTS_DIR)/$(EXECUTABLE_NAME)",
				"$(WorkspaceDir)/output_copy.txt",
			);
			outputFileListPaths = (
			);
			outputPaths = (
				"$(WorkspaceDir)/time-$(PLATFORM_MODIFIER)/output/$(EXECUTABLE_NAME)",
			);
			runOnlyForDeploymentPostprocessing = 0;
			shellPath = /bin/sh;
			shellScript = ". ${WorkspaceDir}/../operating_system/tool/bin/_on_after_build_dylib\n";
		};
/* End PBXShellScriptBuildPhase section */

/* Begin PBXSourcesBuildPhase section */
		9AE24E861904CFFD001AEFFB /* Sources */ = {
			isa = PBXSourcesBuildPhase;
			buildActionMask = 2147483647;
			files = (
				9AA203BA2847FF4B00A747A1 /* form_002.cpp in Sources */,
				9AA203BB2847FF4F00A747A1 /* form.cpp in Sources */,
				9A415C122473939C00EF2BCD /* application.cpp in Sources */,
				9A415C132473939C00EF2BCD /* document.cpp in Sources */,
				9A415C142473939C00EF2BCD /* frame.cpp in Sources */,
				9A415C152473939C00EF2BCD /* main_frame.cpp in Sources */,
				9AA203BC2847FF5E00A747A1 /* tab_impact.cpp in Sources */,
				9A415C162473939C00EF2BCD /* main_impact.cpp in Sources */,
				9A415C192473939C00EF2BCD /* impact.cpp in Sources */,
				9A50CE002B6CB95800FDB101 /* _.cpp in Sources */,
				07B65520190F3001002DAADE /* framework.cpp in Sources */,
				9AA203B92847FF4700A747A1 /* form_001.cpp in Sources */,
			);
			runOnlyForDeploymentPostprocessing = 0;
		};
		9AE24E951904CFFD001AEFFB /* Sources */ = {
			isa = PBXSourcesBuildPhase;
			buildActionMask = 2147483647;
			files = (
				9A39EA7C24336531000FECDA /* wiosapp_core_beatmapperTests.m in Sources */,
			);
			runOnlyForDeploymentPostprocessing = 0;
		};
		9AEB759F16F78DF10085103B /* Sources */ = {
			isa = PBXSourcesBuildPhase;
			buildActionMask = 2147483647;
			files = (
				9A39EA62243364EC000FECDA /* document.cpp in Sources */,
				9AC01EBA2748E274006BEBCC /* form_002.cpp in Sources */,
				9A39EA73243364EC000FECDA /* main_frame.cpp in Sources */,
				9A39EA66243364EC000FECDA /* main_impact.cpp in Sources */,
				9AC01EB82748E274006BEBCC /* form.cpp in Sources */,
				9A39EA6C243364EC000FECDA /* frame.cpp in Sources */,
				9A39EA76243364EC000FECDA /* impact.cpp in Sources */,
				9A258BDB24DA5E460013F50E /* tab_impact.cpp in Sources */,
				9A39EA60243364EB000FECDA /* application.cpp in Sources */,
				9A4EF4B62AE35F180048F22F /* _.cpp in Sources */,
				9AEB75DD16F78E600085103B /* framework.cpp in Sources */,
				9AC01EB72748E274006BEBCC /* form_001.cpp in Sources */,
			);
			runOnlyForDeploymentPostprocessing = 0;
		};
/* End PBXSourcesBuildPhase section */

/* Begin PBXTargetDependency section */
		9A42D77A26657DCA0011645D /* PBXTargetDependency */ = {
			isa = PBXTargetDependency;
			name = base;
			targetProxy = 9A42D77926657DCA0011645D /* PBXContainerItemProxy */;
		};
		9AA2F5E02847E46400A747A1 /* PBXTargetDependency */ = {
			isa = PBXTargetDependency;
			name = ios_base;
			targetProxy = 9AA2F5DF2847E46400A747A1 /* PBXContainerItemProxy */;
		};
		9AE24EA01904CFFD001AEFFB /* PBXTargetDependency */ = {
			isa = PBXTargetDependency;
			target = 9AE24E891904CFFD001AEFFB /* ios_ca2_lowluds_ai_form */;
			targetProxy = 9AE24E9F1904CFFD001AEFFB /* PBXContainerItemProxy */;
		};
/* End PBXTargetDependency section */

/* Begin PBXVariantGroup section */
		9AE24EA51904CFFD001AEFFB /* InfoPlist.strings */ = {
			isa = PBXVariantGroup;
			children = (
				9AE24EA61904CFFD001AEFFB /* en */,
			);
			name = InfoPlist.strings;
			sourceTree = "<group>";
		};
/* End PBXVariantGroup section */

/* Begin XCBuildConfiguration section */
		9AE24EAA1904CFFD001AEFFB /* Debug */ = {
			isa = XCBuildConfiguration;
			buildSettings = {
				EXECUTABLE_EXTENSION = "$(STATIC_LIBRARY_EXTENSION:default=a)";
				EXECUTABLE_PREFIX = lib;
				MACH_O_TYPE = staticlib;
				PLATFORM_MODIFIER = ios;
				SDKROOT = iphoneos;
			};
			name = Debug;
		};
		9AE24EAB1904CFFD001AEFFB /* Release */ = {
			isa = XCBuildConfiguration;
			buildSettings = {
				EXECUTABLE_EXTENSION = "$(STATIC_LIBRARY_EXTENSION:default=a)";
				EXECUTABLE_PREFIX = lib;
				MACH_O_TYPE = staticlib;
				PLATFORM_MODIFIER = ios;
				SDKROOT = iphoneos;
			};
			name = Release;
		};
		9AE24EAC1904CFFD001AEFFB /* Debug */ = {
			isa = XCBuildConfiguration;
			buildSettings = {
				ALWAYS_SEARCH_USER_PATHS = NO;
				BUNDLE_LOADER = "$(BUILT_PRODUCTS_DIR)/libapp_core_hellomultiverse.dylib";
				CLANG_CXX_LANGUAGE_STANDARD = "gnu++0x";
				CLANG_WARN_BOOL_CONVERSION = YES;
				CLANG_WARN_DIRECT_OBJC_ISA_USAGE = YES_ERROR;
				CLANG_WARN_OBJC_ROOT_CLASS = YES_ERROR;
				FRAMEWORK_SEARCH_PATHS = (
					"$(SDKROOT)/Developer/Library/Frameworks",
					"$(inherited)",
					"$(DEVELOPER_FRAMEWORKS_DIR)",
				);
				GCC_C_LANGUAGE_STANDARD = gnu99;
				GCC_PRECOMPILE_PREFIX_HEADER = YES;
				GCC_PREFIX_HEADER = "app_core_hellomultiverse_ios/app_core_hellomultiverse_ios-Prefix.pch";
				GCC_PREPROCESSOR_DEFINITIONS = (
					"DEBUG=1",
					"$(inherited)",
				);
				GCC_WARN_ABOUT_RETURN_TYPE = YES_ERROR;
				GCC_WARN_UNDECLARED_SELECTOR = YES;
				GCC_WARN_UNINITIALIZED_AUTOS = YES_AGGRESSIVE;
				GCC_WARN_UNUSED_FUNCTION = YES;
				INFOPLIST_FILE = "app_core_hellomultiverse_iosTests/app_core_hellomultiverse_iosTests-Info.plist";
				IPHONEOS_DEPLOYMENT_TARGET = 12.0;
				MACOSX_DEPLOYMENT_TARGET = "$(RECOMMENDED_MACOSX_DEPLOYMENT_TARGET)";
				PRODUCT_BUNDLE_IDENTIFIER = "ca2.${PRODUCT_NAME:rfc1034identifier}";
				PRODUCT_NAME = "$(TARGET_NAME)";
				SDKROOT = iphoneos;
				TEST_HOST = "$(BUNDLE_LOADER)";
				WRAPPER_EXTENSION = xctest;
			};
			name = Debug;
		};
		9AE24EAD1904CFFD001AEFFB /* Release */ = {
			isa = XCBuildConfiguration;
			buildSettings = {
				ALWAYS_SEARCH_USER_PATHS = NO;
				BUNDLE_LOADER = "$(BUILT_PRODUCTS_DIR)/libapp_core_hellomultiverse.dylib";
				CLANG_CXX_LANGUAGE_STANDARD = "gnu++0x";
				CLANG_WARN_BOOL_CONVERSION = YES;
				CLANG_WARN_DIRECT_OBJC_ISA_USAGE = YES_ERROR;
				CLANG_WARN_OBJC_ROOT_CLASS = YES_ERROR;
				ENABLE_NS_ASSERTIONS = NO;
				FRAMEWORK_SEARCH_PATHS = (
					"$(SDKROOT)/Developer/Library/Frameworks",
					"$(inherited)",
					"$(DEVELOPER_FRAMEWORKS_DIR)",
				);
				GCC_C_LANGUAGE_STANDARD = gnu99;
				GCC_PRECOMPILE_PREFIX_HEADER = YES;
				GCC_PREFIX_HEADER = "app_core_hellomultiverse_ios/app_core_hellomultiverse_ios-Prefix.pch";
				GCC_WARN_ABOUT_RETURN_TYPE = YES_ERROR;
				GCC_WARN_UNDECLARED_SELECTOR = YES;
				GCC_WARN_UNINITIALIZED_AUTOS = YES_AGGRESSIVE;
				GCC_WARN_UNUSED_FUNCTION = YES;
				INFOPLIST_FILE = "app_core_hellomultiverse_iosTests/app_core_hellomultiverse_iosTests-Info.plist";
				IPHONEOS_DEPLOYMENT_TARGET = 12.0;
				MACOSX_DEPLOYMENT_TARGET = "$(RECOMMENDED_MACOSX_DEPLOYMENT_TARGET)";
				PRODUCT_BUNDLE_IDENTIFIER = "ca2.${PRODUCT_NAME:rfc1034identifier}";
				PRODUCT_NAME = "$(TARGET_NAME)";
				SDKROOT = iphoneos;
				TEST_HOST = "$(BUNDLE_LOADER)";
				VALIDATE_PRODUCT = YES;
				WRAPPER_EXTENSION = xctest;
			};
			name = Release;
		};
		9AEB75A516F78DF10085103B /* Debug */ = {
			isa = XCBuildConfiguration;
			baseConfigurationReference = 9A5498852A2D4CAB0052BAB6 /* _____debug.xcconfig */;
			buildSettings = {
				ALWAYS_SEARCH_USER_PATHS = NO;
				ASSETCATALOG_COMPILER_GENERATE_SWIFT_ASSET_SYMBOL_EXTENSIONS = YES;
				BUILD_LIBRARY_FOR_DISTRIBUTION = YES;
				CLANG_ANALYZER_DEADCODE_DEADSTORES = NO;
				CLANG_ANALYZER_LOCALIZABILITY_NONLOCALIZED = YES;
				CLANG_CXX_LANGUAGE_STANDARD = "c++20";
				CLANG_CXX_LIBRARY = "libc++";
				CLANG_ENABLE_OBJC_ARC = YES;
				CLANG_STATIC_ANALYZER_MODE_ON_ANALYZE_ACTION = shallow;
				CLANG_WARN_BLOCK_CAPTURE_AUTORELEASING = YES;
				CLANG_WARN_BOOL_CONVERSION = YES;
				CLANG_WARN_COMMA = YES;
				CLANG_WARN_CONSTANT_CONVERSION = YES;
				CLANG_WARN_DEPRECATED_OBJC_IMPLEMENTATIONS = YES;
				CLANG_WARN_DIRECT_OBJC_ISA_USAGE = YES_ERROR;
				CLANG_WARN_EMPTY_BODY = YES;
				CLANG_WARN_ENUM_CONVERSION = YES;
				CLANG_WARN_INFINITE_RECURSION = YES;
				CLANG_WARN_INT_CONVERSION = YES;
				CLANG_WARN_NON_LITERAL_NULL_CONVERSION = YES;
				CLANG_WARN_OBJC_IMPLICIT_RETAIN_SELF = YES;
				CLANG_WARN_OBJC_LITERAL_CONVERSION = YES;
				CLANG_WARN_OBJC_ROOT_CLASS = YES_ERROR;
				CLANG_WARN_QUOTED_INCLUDE_IN_FRAMEWORK_HEADER = YES;
				CLANG_WARN_RANGE_LOOP_ANALYSIS = YES;
				CLANG_WARN_STRICT_PROTOTYPES = YES;
				CLANG_WARN_SUSPICIOUS_MOVE = YES;
				CLANG_WARN_UNREACHABLE_CODE = YES;
				CLANG_WARN__DUPLICATE_METHOD_MATCH = YES;
				COPY_PHASE_STRIP = NO;
				DEAD_CODE_STRIPPING = YES;
				DEBUG_INFORMATION_FORMAT = "dwarf-with-dsym";
				DEPLOYMENT_POSTPROCESSING = YES;
				ENABLE_STRICT_OBJC_MSGSEND = YES;
				ENABLE_TESTABILITY = YES;
				ENABLE_USER_SCRIPT_SANDBOXING = YES;
				EXECUTABLE_PREFIX = lib;
				GCC_C_LANGUAGE_STANDARD = c11;
				GCC_DYNAMIC_NO_PIC = NO;
				GCC_ENABLE_OBJC_EXCEPTIONS = YES;
				GCC_NO_COMMON_BLOCKS = YES;
				GCC_OPTIMIZATION_LEVEL = 0;
				GCC_PRECOMPILE_PREFIX_HEADER = YES;
				GCC_PREFIX_HEADER = framework.h;
				GCC_PREPROCESSOR_DEFINITIONS = _DEBUG;
				GCC_SYMBOLS_PRIVATE_EXTERN = NO;
				GCC_WARN_64_TO_32_BIT_CONVERSION = YES;
				GCC_WARN_ABOUT_RETURN_TYPE = YES_ERROR;
				GCC_WARN_UNDECLARED_SELECTOR = YES;
				GCC_WARN_UNINITIALIZED_AUTOS = YES_AGGRESSIVE;
				GCC_WARN_UNUSED_FUNCTION = YES;
				GCC_WARN_UNUSED_VARIABLE = YES;
				HEADER_SEARCH_PATHS = "";
				INSTALL_PATH = "@executable_path";
				IPHONEOS_DEPLOYMENT_TARGET = 12.0;
				LD_RUNPATH_SEARCH_PATHS = "@executable_path";
				LIBRARY_SEARCH_PATHS = (
					"$(inherited)",
					"$(WorkspaceDir)/../operating_system/storage-$(PLATFORM_MODIFIER)/$(CONFIGURATION)/library",
				);
				ONLY_ACTIVE_ARCH = YES;
				OTHER_LDFLAGS = "-all_load";
				PRODUCT_NAME = "$(TARGET_NAME)";
				SKIP_INSTALL = YES;
				SYSTEM_HEADER_SEARCH_PATHS = (
					"$(WorkspaceDir)/operating_system",
					"$(WorkspaceDir)/operating_system/operating_system-$(PLATFORM_MODIFIER)",
					"$(WorkspaceDir)/operating_system/operating_system-$(PLATFORM_MODIFIER)/include",
					"$(WorkspaceDir)/port/_",
					"$(WorkspaceDir)/port/include",
					"$(WorkspaceDir)/source/app",
				);
				USER_HEADER_SEARCH_PATHS = (
					.,
					"$(WorkspaceDir)/source",
					"$(WorkspaceDir)/source/include",
					"$(WorkspaceDir)/source/app",
					"$(WorkspaceDir)/source/app/include",
					"$(WorkspaceDir)/operating_system",
					"$(WorkspaceDir)/operating_system/operating_system-$(PLATFORM_MODIFIER)",
					"$(WorkspaceDir)/operating_system/operating_system-$(PLATFORM_MODIFIER)/include/configuration_selection/$(CONFIGURATION)",
					"$(WorkspaceDir)/operating_system/operating_system-$(PLATFORM_MODIFIER)/include",
					"$(WorkspaceDir)/port/_",
					"$(WorkspaceDir)/port/include",
					"$(PROJECT_DIR)",
					"$(PROJECT_DIR)/..",
					"$(PROJECT_DIR)/../..",
					"$(HOME)/sensitive/sensitive/include",
				);
				USE_HEADERMAP = NO;
				WorkspaceDir = "$(SRCROOT)/../../..";
			};
			name = Debug;
		};
		9AEB75A616F78DF10085103B /* Release */ = {
			isa = XCBuildConfiguration;
			baseConfigurationReference = 9A5498842A2D4CAB0052BAB6 /* _____release.xcconfig */;
			buildSettings = {
				ALWAYS_SEARCH_USER_PATHS = NO;
				ASSETCATALOG_COMPILER_GENERATE_SWIFT_ASSET_SYMBOL_EXTENSIONS = YES;
				BUILD_LIBRARY_FOR_DISTRIBUTION = YES;
				CLANG_ANALYZER_DEADCODE_DEADSTORES = NO;
				CLANG_ANALYZER_LOCALIZABILITY_NONLOCALIZED = YES;
				CLANG_CXX_LANGUAGE_STANDARD = "c++20";
				CLANG_CXX_LIBRARY = "libc++";
				CLANG_ENABLE_OBJC_ARC = YES;
				CLANG_STATIC_ANALYZER_MODE_ON_ANALYZE_ACTION = shallow;
				CLANG_WARN_BLOCK_CAPTURE_AUTORELEASING = YES;
				CLANG_WARN_BOOL_CONVERSION = YES;
				CLANG_WARN_COMMA = YES;
				CLANG_WARN_CONSTANT_CONVERSION = YES;
				CLANG_WARN_DEPRECATED_OBJC_IMPLEMENTATIONS = YES;
				CLANG_WARN_DIRECT_OBJC_ISA_USAGE = YES_ERROR;
				CLANG_WARN_EMPTY_BODY = YES;
				CLANG_WARN_ENUM_CONVERSION = YES;
				CLANG_WARN_INFINITE_RECURSION = YES;
				CLANG_WARN_INT_CONVERSION = YES;
				CLANG_WARN_NON_LITERAL_NULL_CONVERSION = YES;
				CLANG_WARN_OBJC_IMPLICIT_RETAIN_SELF = YES;
				CLANG_WARN_OBJC_LITERAL_CONVERSION = YES;
				CLANG_WARN_OBJC_ROOT_CLASS = YES_ERROR;
				CLANG_WARN_QUOTED_INCLUDE_IN_FRAMEWORK_HEADER = YES;
				CLANG_WARN_RANGE_LOOP_ANALYSIS = YES;
				CLANG_WARN_STRICT_PROTOTYPES = YES;
				CLANG_WARN_SUSPICIOUS_MOVE = YES;
				CLANG_WARN_UNREACHABLE_CODE = YES;
				CLANG_WARN__DUPLICATE_METHOD_MATCH = YES;
				COPY_PHASE_STRIP = NO;
				DEAD_CODE_STRIPPING = YES;
				DEBUG_INFORMATION_FORMAT = "dwarf-with-dsym";
				DEPLOYMENT_POSTPROCESSING = YES;
				ENABLE_STRICT_OBJC_MSGSEND = YES;
				ENABLE_USER_SCRIPT_SANDBOXING = YES;
				EXECUTABLE_PREFIX = lib;
				GCC_C_LANGUAGE_STANDARD = c11;
				GCC_ENABLE_OBJC_EXCEPTIONS = YES;
				GCC_NO_COMMON_BLOCKS = YES;
				GCC_PRECOMPILE_PREFIX_HEADER = YES;
				GCC_PREFIX_HEADER = framework.h;
				GCC_WARN_64_TO_32_BIT_CONVERSION = YES;
				GCC_WARN_ABOUT_RETURN_TYPE = YES_ERROR;
				GCC_WARN_UNDECLARED_SELECTOR = YES;
				GCC_WARN_UNINITIALIZED_AUTOS = YES_AGGRESSIVE;
				GCC_WARN_UNUSED_FUNCTION = YES;
				GCC_WARN_UNUSED_VARIABLE = YES;
				HEADER_SEARCH_PATHS = "";
				INSTALL_PATH = "@executable_path";
				IPHONEOS_DEPLOYMENT_TARGET = 12.0;
				LD_RUNPATH_SEARCH_PATHS = "@executable_path";
				LIBRARY_SEARCH_PATHS = (
					"$(inherited)",
					"$(WorkspaceDir)/../operating_system/storage-$(PLATFORM_MODIFIER)/$(CONFIGURATION)/library",
					"$(WorkspaceDir)/operating_system",
				);
				OTHER_LDFLAGS = "-all_load";
				PRODUCT_NAME = "$(TARGET_NAME)";
				SKIP_INSTALL = YES;
				SYSTEM_HEADER_SEARCH_PATHS = (
					"$(WorkspaceDir)/operating_system",
					"$(WorkspaceDir)/operating_system/operating_system-$(PLATFORM_MODIFIER)",
					"$(WorkspaceDir)/operating_system/operating_system-$(PLATFORM_MODIFIER)/include",
					"$(WorkspaceDir)/port/_",
					"$(WorkspaceDir)/port/include",
					"$(WorkspaceDir)/source/app",
				);
				USER_HEADER_SEARCH_PATHS = (
					.,
					"$(WorkspaceDir)/source",
					"$(WorkspaceDir)/source/include",
					"$(WorkspaceDir)/source/app",
					"$(WorkspaceDir)/source/app/include",
					"$(WorkspaceDir)/operating_system",
					"$(WorkspaceDir)/operating_system/operating_system-$(PLATFORM_MODIFIER)",
					"$(WorkspaceDir)/operating_system/operating_system-$(PLATFORM_MODIFIER)/include/configuration_selection/$(CONFIGURATION)",
					"$(WorkspaceDir)/operating_system/operating_system-$(PLATFORM_MODIFIER)/include",
					"$(WorkspaceDir)/port/_",
					"$(WorkspaceDir)/port/include",
					"$(PROJECT_DIR)",
					"$(PROJECT_DIR)/..",
					"$(PROJECT_DIR)/../..",
					"$(HOME)/sensitive/sensitive/include",
				);
				USE_HEADERMAP = NO;
				VALIDATE_PRODUCT = YES;
				WorkspaceDir = "$(SRCROOT)/../../..";
			};
			name = Release;
		};
		9AEB75A816F78DF10085103B /* Debug */ = {
			isa = XCBuildConfiguration;
			buildSettings = {
				CODE_SIGN_IDENTITY = "Mac Developer";
				CODE_SIGN_STYLE = Automatic;
				DEVELOPMENT_TEAM = L8N5V6TZE5;
				ENABLE_HARDENED_RUNTIME = YES;
				EXECUTABLE_EXTENSION = dylib;
				MACH_O_TYPE = mh_dylib;
				PLATFORM_MODIFIER = macos;
				PROVISIONING_PROFILE_SPECIFIER = "";
				SDKROOT = macosx;
			};
			name = Debug;
		};
		9AEB75A916F78DF10085103B /* Release */ = {
			isa = XCBuildConfiguration;
			buildSettings = {
				CODE_SIGN_IDENTITY = "Mac Developer";
				CODE_SIGN_STYLE = Automatic;
				DEVELOPMENT_TEAM = L8N5V6TZE5;
				ENABLE_HARDENED_RUNTIME = YES;
				EXECUTABLE_EXTENSION = dylib;
				MACH_O_TYPE = mh_dylib;
				PLATFORM_MODIFIER = macos;
				PROVISIONING_PROFILE_SPECIFIER = "";
				SDKROOT = macosx;
			};
			name = Release;
		};
/* End XCBuildConfiguration section */

/* Begin XCConfigurationList section */
		9AE24EBA1904CFFD001AEFFB /* Build configuration list for PBXNativeTarget "ios_ca2_lowluds_ai_form" */ = {
			isa = XCConfigurationList;
			buildConfigurations = (
				9AE24EAA1904CFFD001AEFFB /* Debug */,
				9AE24EAB1904CFFD001AEFFB /* Release */,
			);
			defaultConfigurationIsVisible = 0;
			defaultConfigurationName = Release;
		};
		9AE24EBB1904CFFD001AEFFB /* Build configuration list for PBXNativeTarget "app_core_hellomultiverse_iosTests" */ = {
			isa = XCConfigurationList;
			buildConfigurations = (
				9AE24EAC1904CFFD001AEFFB /* Debug */,
				9AE24EAD1904CFFD001AEFFB /* Release */,
			);
			defaultConfigurationIsVisible = 0;
			defaultConfigurationName = Release;
		};
		9AEB759E16F78DF10085103B /* Build configuration list for PBXProject "ca2_lowluds_ai_form" */ = {
			isa = XCConfigurationList;
			buildConfigurations = (
				9AEB75A516F78DF10085103B /* Debug */,
				9AEB75A616F78DF10085103B /* Release */,
			);
			defaultConfigurationIsVisible = 0;
			defaultConfigurationName = Release;
		};
		9AEB75A716F78DF10085103B /* Build configuration list for PBXNativeTarget "ca2_lowluds_ai_form" */ = {
			isa = XCConfigurationList;
			buildConfigurations = (
				9AEB75A816F78DF10085103B /* Debug */,
				9AEB75A916F78DF10085103B /* Release */,
			);
			defaultConfigurationIsVisible = 0;
			defaultConfigurationName = Release;
		};
/* End XCConfigurationList section */
	};
	rootObject = 9AEB759B16F78DF10085103B /* Project object */;
}
